// !$*UTF8*$!
{
	archiveVersion = 1;
	classes = {
	};
	objectVersion = 46;
	objects = {

/* Begin PBXAggregateTarget section */
		A63DEC39FD3A59A492B35CB0 /* ColemanJ-P05-Compressor - All */ = {
			isa = PBXAggregateTarget;
			buildConfigurationList = 2C5F7AFC1F4E89E2E35F34DE;
			buildPhases = (
			);
			dependencies = (
				A87D4517C5E3CEACD3D9F1CF,
				FF9443D8C5090828A9E66CA1,
				CA179E321D7D2A5A5EDEDA07,
				9A094D4B391DABF0C32FD3E5,
			);
			name = "ColemanJ-P05-Compressor - All";
			productName = "ColemanJ-P05-Compressor";
		};
/* End PBXAggregateTarget section */

/* Begin PBXBuildFile section */
		007ED8987F10C3C73C791BCF /* Foundation.framework */ = {isa = PBXBuildFile; fileRef = 82B123B334C6137885DBB7B3; };
		0B5992F1830B8790021BEEA8 /* Carbon.framework */ = {isa = PBXBuildFile; fileRef = 7FA8A7E2A022B81BB39998A0; };
		193B4BFD73FB3E00AB30E54E /* Cocoa.framework */ = {isa = PBXBuildFile; fileRef = 42ABF5DB8E58672CEF69DA8C; };
		24A44DDD0609E4E6B05BF9CA /* AudioUnit.framework */ = {isa = PBXBuildFile; fileRef = E64274C5B1F62F73237BF0F3; };
		295096C2EDEEFF396A3C3AEF /* Shared Code */ = {isa = PBXBuildFile; fileRef = 730C8B142231CE9E0CB0B7C3; };
		3AA5B49D7E992EF00A3E9260 /* include_juce_gui_extra.mm */ = {isa = PBXBuildFile; fileRef = 13C96220F9D353770C8995C5; };
		6C4A930FD4EFA14CB1EE54F9 /* include_juce_audio_processors.mm */ = {isa = PBXBuildFile; fileRef = 816CBA437506D643EC2C9E08; };
		74509A383280E91DEBDC4A63 /* Standalone Plugin */ = {isa = PBXBuildFile; fileRef = 086E392C71FACDB7A1F70EFF; };
		7535700DF80A5A97C6E028C8 /* include_juce_events.mm */ = {isa = PBXBuildFile; fileRef = 2C00DBE93F122027C80B1F43; };
		75423C1613807ACA78DFF8E7 /* include_juce_audio_plugin_client_AU.r */ = {isa = PBXBuildFile; fileRef = 02EE032411ADD6590E45D9C9; };
		792E01424EB547AD1A6D47A7 /* DiscRecording.framework */ = {isa = PBXBuildFile; fileRef = CFAFB1D56949E68AE037E996; };
		7CBF587F90823B364224826F /* include_juce_audio_plugin_client_AU_2.mm */ = {isa = PBXBuildFile; fileRef = D4D23EDD427407B1BB46ED97; };
		92E814E15F9BF9893FABB695 /* CoreAudio.framework */ = {isa = PBXBuildFile; fileRef = 755B30974718CF0E29625F1B; };
		9538EBF50AE848DA9C01D5BC /* CoreMIDI.framework */ = {isa = PBXBuildFile; fileRef = 4692737B1418CC8C88613D34; };
		95A06521BD44EF0D39A6ABC2 /* include_juce_core.mm */ = {isa = PBXBuildFile; fileRef = 092BFDCE37665DB965CDA0E6; };
		9987D60DCBE380C276659CA6 /* PluginEditor.cpp */ = {isa = PBXBuildFile; fileRef = 9E5CA261B298656026003D9F; };
		A287CD92AA239F79BE11963D /* IOKit.framework */ = {isa = PBXBuildFile; fileRef = D3333309DCFBE1E34B49593E; };
		A521C15597F1446E7CA8EF73 /* include_juce_audio_plugin_client_AU_1.mm */ = {isa = PBXBuildFile; fileRef = A83B0D62746449AA9682FB0A; };
		A56B7F1F061C267D54300ADF /* Accelerate.framework */ = {isa = PBXBuildFile; fileRef = 93946E237CD48FA695308355; };
		B0BEC6C4CFDAD32B9E77E775 /* include_juce_audio_plugin_client_VST3.cpp */ = {isa = PBXBuildFile; fileRef = D34072EB5DCB647C9CE176B9; };
		B79B3441D03A14CC0FFE5AEB /* include_juce_audio_utils.mm */ = {isa = PBXBuildFile; fileRef = DF28E17A7D5E10BAA094E778; };
		BD8B66C4D54EE50C50EE54C3 /* include_juce_audio_plugin_client_utils.cpp */ = {isa = PBXBuildFile; fileRef = 1944EF283B9A656A2554B3E9; };
		BDEBB4D40ED2B0C874E8CE9C /* include_juce_gui_basics.mm */ = {isa = PBXBuildFile; fileRef = AF05A2C57635906EDA3F8173; };
		C1090943CC955D8B7F09C5EE /* include_juce_audio_plugin_client_VST_utils.mm */ = {isa = PBXBuildFile; fileRef = C0A0BA0B5E942EF3CADE85CA; };
		C64EBDADC34B27EA54A76EC3 /* include_juce_audio_devices.mm */ = {isa = PBXBuildFile; fileRef = 23458473C65FAE90541E95D6; };
		C748F4BF1DE08AB095761FF2 /* VST3 */ = {isa = PBXBuildFile; fileRef = EC8F3A71B60AF7AB7819FC26; };
		C9714BB7A14A0C2740BB1C05 /* WebKit.framework */ = {isa = PBXBuildFile; fileRef = 474CE5B5EBF6805B8A0969A8; };
		CB19DCB16D02350F1FDDAFD9 /* QuartzCore.framework */ = {isa = PBXBuildFile; fileRef = AAC1F6B62D50AEEDCAA4A3D5; };
		CEB3DB2898BF94A488382FC0 /* include_juce_graphics.mm */ = {isa = PBXBuildFile; fileRef = 9DC330B7D0283F6BB756CBC9; };
		D7E1FD73D4EA727DAA369372 /* AU */ = {isa = PBXBuildFile; fileRef = FB71AE606E85EE879ACA6DBA; };
		DC3497BEAAB7574F9DE5C945 /* CoreAudioKit.framework */ = {isa = PBXBuildFile; fileRef = B08E337A54B5D67E339F6F6B; };
		E6B4A6B81EB1A5A7E5A0002A /* include_juce_audio_plugin_client_Standalone.cpp */ = {isa = PBXBuildFile; fileRef = 58D5E1BAFB23D6B1C80F3AED; };
		EF0B8AFBDE5B25F1595BB72D /* include_juce_audio_formats.mm */ = {isa = PBXBuildFile; fileRef = 9D8F8BB93D524D51EFB99FD8; };
		F13C1F8403B9D33983AFCA82 /* PluginProcessor.cpp */ = {isa = PBXBuildFile; fileRef = AA2DE958734F3C5685264CE3; };
		F33384924EF28F82E39B87F4 /* include_juce_audio_basics.mm */ = {isa = PBXBuildFile; fileRef = A3B0275A025CFC1C2A47209E; };
		F36709026D839EA9EF22F830 /* AudioToolbox.framework */ = {isa = PBXBuildFile; fileRef = 6EE75068526F4971D81EF7BB; };
		F7786E9755615830E5D8480F /* include_juce_data_structures.mm */ = {isa = PBXBuildFile; fileRef = 20EA29AEFD71AC71A7B2E22F; };
		FC70024E5CBE1562B4BF4CE2 /* RecentFilesMenuTemplate.nib */ = {isa = PBXBuildFile; fileRef = D34CCE39C7A249B20DB5455E; };
/* End PBXBuildFile section */

/* Begin PBXFileReference section */
		02EE032411ADD6590E45D9C9 /* include_juce_audio_plugin_client_AU.r */ /* include_juce_audio_plugin_client_AU.r */ = {isa = PBXFileReference; lastKnownFileType = file.r; name = include_juce_audio_plugin_client_AU.r; path = ../../JuceLibraryCode/include_juce_audio_plugin_client_AU.r; sourceTree = SOURCE_ROOT; };
		076262AA117BF9BF303FA240 /* juce_graphics */ /* juce_graphics */ = {isa = PBXFileReference; lastKnownFileType = folder; name = juce_graphics; path = /Users/colemanjenkins/Git_Repos/Plugins/JUCE/modules/juce_graphics; sourceTree = "<absolute>"; };
		086E392C71FACDB7A1F70EFF /* Standalone Plugin */ = {isa = PBXFileReference; explicitFileType = wrapper.application; includeInIndex = 0; path = "ColemanJ-P05-Compressor.app"; sourceTree = BUILT_PRODUCTS_DIR; };
		092BFDCE37665DB965CDA0E6 /* include_juce_core.mm */ /* include_juce_core.mm */ = {isa = PBXFileReference; lastKnownFileType = sourcecode.cpp.objcpp; name = include_juce_core.mm; path = ../../JuceLibraryCode/include_juce_core.mm; sourceTree = SOURCE_ROOT; };
		0E3ADB279E32B639BDE15896 /* juce_data_structures */ /* juce_data_structures */ = {isa = PBXFileReference; lastKnownFileType = folder; name = juce_data_structures; path = /Users/colemanjenkins/Git_Repos/Plugins/JUCE/modules/juce_data_structures; sourceTree = "<absolute>"; };
		13C96220F9D353770C8995C5 /* include_juce_gui_extra.mm */ /* include_juce_gui_extra.mm */ = {isa = PBXFileReference; lastKnownFileType = sourcecode.cpp.objcpp; name = include_juce_gui_extra.mm; path = ../../JuceLibraryCode/include_juce_gui_extra.mm; sourceTree = SOURCE_ROOT; };
		17BC87E6801D5C2E6A160A80 /* juce_audio_basics */ /* juce_audio_basics */ = {isa = PBXFileReference; lastKnownFileType = folder; name = juce_audio_basics; path = /Users/colemanjenkins/Git_Repos/Plugins/JUCE/modules/juce_audio_basics; sourceTree = "<absolute>"; };
		1944EF283B9A656A2554B3E9 /* include_juce_audio_plugin_client_utils.cpp */ /* include_juce_audio_plugin_client_utils.cpp */ = {isa = PBXFileReference; lastKnownFileType = sourcecode.cpp.cpp; name = include_juce_audio_plugin_client_utils.cpp; path = ../../JuceLibraryCode/include_juce_audio_plugin_client_utils.cpp; sourceTree = SOURCE_ROOT; };
		20EA29AEFD71AC71A7B2E22F /* include_juce_data_structures.mm */ /* include_juce_data_structures.mm */ = {isa = PBXFileReference; lastKnownFileType = sourcecode.cpp.objcpp; name = include_juce_data_structures.mm; path = ../../JuceLibraryCode/include_juce_data_structures.mm; sourceTree = SOURCE_ROOT; };
		23458473C65FAE90541E95D6 /* include_juce_audio_devices.mm */ /* include_juce_audio_devices.mm */ = {isa = PBXFileReference; lastKnownFileType = sourcecode.cpp.objcpp; name = include_juce_audio_devices.mm; path = ../../JuceLibraryCode/include_juce_audio_devices.mm; sourceTree = SOURCE_ROOT; };
		2579941116F05A25AE74E09D /* Info-AU.plist */ /* Info-AU.plist */ = {isa = PBXFileReference; lastKnownFileType = text.plist.xml; name = "Info-AU.plist"; path = "Info-AU.plist"; sourceTree = SOURCE_ROOT; };
		2C00DBE93F122027C80B1F43 /* include_juce_events.mm */ /* include_juce_events.mm */ = {isa = PBXFileReference; lastKnownFileType = sourcecode.cpp.objcpp; name = include_juce_events.mm; path = ../../JuceLibraryCode/include_juce_events.mm; sourceTree = SOURCE_ROOT; };
		2C40F60E7358A69D2D0007AF /* PluginEditor.h */ /* PluginEditor.h */ = {isa = PBXFileReference; lastKnownFileType = sourcecode.c.h; name = PluginEditor.h; path = ../../Source/PluginEditor.h; sourceTree = SOURCE_ROOT; };
		3322EF4AEBD5CA90B2FBF883 /* juce_gui_basics */ /* juce_gui_basics */ = {isa = PBXFileReference; lastKnownFileType = folder; name = juce_gui_basics; path = /Users/colemanjenkins/Git_Repos/Plugins/JUCE/modules/juce_gui_basics; sourceTree = "<absolute>"; };
		3406CFF6EC7756D572A79A88 /* juce_core */ /* juce_core */ = {isa = PBXFileReference; lastKnownFileType = folder; name = juce_core; path = /Users/colemanjenkins/Git_Repos/Plugins/JUCE/modules/juce_core; sourceTree = "<absolute>"; };
		3D7C71D6D9BF8DCA3D6FF4CB /* defines.h */ /* defines.h */ = {isa = PBXFileReference; lastKnownFileType = sourcecode.c.h; name = defines.h; path = ../../Source/defines.h; sourceTree = SOURCE_ROOT; };
		3F116ECAFD7BA077DB230750 /* juce_audio_devices */ /* juce_audio_devices */ = {isa = PBXFileReference; lastKnownFileType = folder; name = juce_audio_devices; path = /Users/colemanjenkins/Git_Repos/Plugins/JUCE/modules/juce_audio_devices; sourceTree = "<absolute>"; };
		42ABF5DB8E58672CEF69DA8C /* Cocoa.framework */ /* Cocoa.framework */ = {isa = PBXFileReference; lastKnownFileType = wrapper.framework; name = Cocoa.framework; path = System/Library/Frameworks/Cocoa.framework; sourceTree = SDKROOT; };
		4692737B1418CC8C88613D34 /* CoreMIDI.framework */ /* CoreMIDI.framework */ = {isa = PBXFileReference; lastKnownFileType = wrapper.framework; name = CoreMIDI.framework; path = System/Library/Frameworks/CoreMIDI.framework; sourceTree = SDKROOT; };
		474CE5B5EBF6805B8A0969A8 /* WebKit.framework */ /* WebKit.framework */ = {isa = PBXFileReference; lastKnownFileType = wrapper.framework; name = WebKit.framework; path = System/Library/Frameworks/WebKit.framework; sourceTree = SDKROOT; };
		58D5E1BAFB23D6B1C80F3AED /* include_juce_audio_plugin_client_Standalone.cpp */ /* include_juce_audio_plugin_client_Standalone.cpp */ = {isa = PBXFileReference; lastKnownFileType = sourcecode.cpp.cpp; name = include_juce_audio_plugin_client_Standalone.cpp; path = ../../JuceLibraryCode/include_juce_audio_plugin_client_Standalone.cpp; sourceTree = SOURCE_ROOT; };
		6785E7BBE859178D55D0B415 /* JuceHeader.h */ /* JuceHeader.h */ = {isa = PBXFileReference; lastKnownFileType = sourcecode.c.h; name = JuceHeader.h; path = ../../JuceLibraryCode/JuceHeader.h; sourceTree = SOURCE_ROOT; };
		6B6C070D320776F62BB691B4 /* Info-Standalone_Plugin.plist */ /* Info-Standalone_Plugin.plist */ = {isa = PBXFileReference; lastKnownFileType = text.plist.xml; name = "Info-Standalone_Plugin.plist"; path = "Info-Standalone_Plugin.plist"; sourceTree = SOURCE_ROOT; };
		6EE75068526F4971D81EF7BB /* AudioToolbox.framework */ /* AudioToolbox.framework */ = {isa = PBXFileReference; lastKnownFileType = wrapper.framework; name = AudioToolbox.framework; path = System/Library/Frameworks/AudioToolbox.framework; sourceTree = SDKROOT; };
		730C8B142231CE9E0CB0B7C3 /* Shared Code */ = {isa = PBXFileReference; explicitFileType = archive.ar; includeInIndex = 0; path = "libColemanJ-P05-Compressor.a"; sourceTree = BUILT_PRODUCTS_DIR; };
		755B30974718CF0E29625F1B /* CoreAudio.framework */ /* CoreAudio.framework */ = {isa = PBXFileReference; lastKnownFileType = wrapper.framework; name = CoreAudio.framework; path = System/Library/Frameworks/CoreAudio.framework; sourceTree = SDKROOT; };
		7FA8A7E2A022B81BB39998A0 /* Carbon.framework */ /* Carbon.framework */ = {isa = PBXFileReference; lastKnownFileType = wrapper.framework; name = Carbon.framework; path = System/Library/Frameworks/Carbon.framework; sourceTree = SDKROOT; };
		8085A00A25F922544D47E0AD /* juce_events */ /* juce_events */ = {isa = PBXFileReference; lastKnownFileType = folder; name = juce_events; path = /Users/colemanjenkins/Git_Repos/Plugins/JUCE/modules/juce_events; sourceTree = "<absolute>"; };
		816CBA437506D643EC2C9E08 /* include_juce_audio_processors.mm */ /* include_juce_audio_processors.mm */ = {isa = PBXFileReference; lastKnownFileType = sourcecode.cpp.objcpp; name = include_juce_audio_processors.mm; path = ../../JuceLibraryCode/include_juce_audio_processors.mm; sourceTree = SOURCE_ROOT; };
		82B123B334C6137885DBB7B3 /* Foundation.framework */ /* Foundation.framework */ = {isa = PBXFileReference; lastKnownFileType = wrapper.framework; name = Foundation.framework; path = System/Library/Frameworks/Foundation.framework; sourceTree = SDKROOT; };
		8DACFCBF56EBDA9FF6EA7223 /* juce_audio_plugin_client */ /* juce_audio_plugin_client */ = {isa = PBXFileReference; lastKnownFileType = folder; name = juce_audio_plugin_client; path = /Users/colemanjenkins/Git_Repos/Plugins/JUCE/modules/juce_audio_plugin_client; sourceTree = "<absolute>"; };
		93946E237CD48FA695308355 /* Accelerate.framework */ /* Accelerate.framework */ = {isa = PBXFileReference; lastKnownFileType = wrapper.framework; name = Accelerate.framework; path = System/Library/Frameworks/Accelerate.framework; sourceTree = SDKROOT; };
		9CD12BF9451940FFDF4319D0 /* Info-VST3.plist */ /* Info-VST3.plist */ = {isa = PBXFileReference; lastKnownFileType = text.plist.xml; name = "Info-VST3.plist"; path = "Info-VST3.plist"; sourceTree = SOURCE_ROOT; };
		9D8F8BB93D524D51EFB99FD8 /* include_juce_audio_formats.mm */ /* include_juce_audio_formats.mm */ = {isa = PBXFileReference; lastKnownFileType = sourcecode.cpp.objcpp; name = include_juce_audio_formats.mm; path = ../../JuceLibraryCode/include_juce_audio_formats.mm; sourceTree = SOURCE_ROOT; };
		9DC330B7D0283F6BB756CBC9 /* include_juce_graphics.mm */ /* include_juce_graphics.mm */ = {isa = PBXFileReference; lastKnownFileType = sourcecode.cpp.objcpp; name = include_juce_graphics.mm; path = ../../JuceLibraryCode/include_juce_graphics.mm; sourceTree = SOURCE_ROOT; };
		9E5CA261B298656026003D9F /* PluginEditor.cpp */ /* PluginEditor.cpp */ = {isa = PBXFileReference; lastKnownFileType = sourcecode.cpp.cpp; name = PluginEditor.cpp; path = ../../Source/PluginEditor.cpp; sourceTree = SOURCE_ROOT; };
		A3B0275A025CFC1C2A47209E /* include_juce_audio_basics.mm */ /* include_juce_audio_basics.mm */ = {isa = PBXFileReference; lastKnownFileType = sourcecode.cpp.objcpp; name = include_juce_audio_basics.mm; path = ../../JuceLibraryCode/include_juce_audio_basics.mm; sourceTree = SOURCE_ROOT; };
		A83B0D62746449AA9682FB0A /* include_juce_audio_plugin_client_AU_1.mm */ /* include_juce_audio_plugin_client_AU_1.mm */ = {isa = PBXFileReference; lastKnownFileType = sourcecode.cpp.objcpp; name = include_juce_audio_plugin_client_AU_1.mm; path = ../../JuceLibraryCode/include_juce_audio_plugin_client_AU_1.mm; sourceTree = SOURCE_ROOT; };
		AA2DE958734F3C5685264CE3 /* PluginProcessor.cpp */ /* PluginProcessor.cpp */ = {isa = PBXFileReference; lastKnownFileType = sourcecode.cpp.cpp; name = PluginProcessor.cpp; path = ../../Source/PluginProcessor.cpp; sourceTree = SOURCE_ROOT; };
		AAC1F6B62D50AEEDCAA4A3D5 /* QuartzCore.framework */ /* QuartzCore.framework */ = {isa = PBXFileReference; lastKnownFileType = wrapper.framework; name = QuartzCore.framework; path = System/Library/Frameworks/QuartzCore.framework; sourceTree = SDKROOT; };
		AF05A2C57635906EDA3F8173 /* include_juce_gui_basics.mm */ /* include_juce_gui_basics.mm */ = {isa = PBXFileReference; lastKnownFileType = sourcecode.cpp.objcpp; name = include_juce_gui_basics.mm; path = ../../JuceLibraryCode/include_juce_gui_basics.mm; sourceTree = SOURCE_ROOT; };
		B04439D9555BE4A882E52194 /* JucePluginDefines.h */ /* JucePluginDefines.h */ = {isa = PBXFileReference; lastKnownFileType = sourcecode.c.h; name = JucePluginDefines.h; path = ../../JuceLibraryCode/JucePluginDefines.h; sourceTree = SOURCE_ROOT; };
		B08E337A54B5D67E339F6F6B /* CoreAudioKit.framework */ /* CoreAudioKit.framework */ = {isa = PBXFileReference; lastKnownFileType = wrapper.framework; name = CoreAudioKit.framework; path = System/Library/Frameworks/CoreAudioKit.framework; sourceTree = SDKROOT; };
		BB633422CD9D16F3E9BDB1FE /* juce_audio_formats */ /* juce_audio_formats */ = {isa = PBXFileReference; lastKnownFileType = folder; name = juce_audio_formats; path = /Users/colemanjenkins/Git_Repos/Plugins/JUCE/modules/juce_audio_formats; sourceTree = "<absolute>"; };
		C0A0BA0B5E942EF3CADE85CA /* include_juce_audio_plugin_client_VST_utils.mm */ /* include_juce_audio_plugin_client_VST_utils.mm */ = {isa = PBXFileReference; lastKnownFileType = sourcecode.cpp.objcpp; name = include_juce_audio_plugin_client_VST_utils.mm; path = ../../JuceLibraryCode/include_juce_audio_plugin_client_VST_utils.mm; sourceTree = SOURCE_ROOT; };
		CFAFB1D56949E68AE037E996 /* DiscRecording.framework */ /* DiscRecording.framework */ = {isa = PBXFileReference; lastKnownFileType = wrapper.framework; name = DiscRecording.framework; path = System/Library/Frameworks/DiscRecording.framework; sourceTree = SDKROOT; };
		D3333309DCFBE1E34B49593E /* IOKit.framework */ /* IOKit.framework */ = {isa = PBXFileReference; lastKnownFileType = wrapper.framework; name = IOKit.framework; path = System/Library/Frameworks/IOKit.framework; sourceTree = SDKROOT; };
		D34072EB5DCB647C9CE176B9 /* include_juce_audio_plugin_client_VST3.cpp */ /* include_juce_audio_plugin_client_VST3.cpp */ = {isa = PBXFileReference; lastKnownFileType = sourcecode.cpp.cpp; name = include_juce_audio_plugin_client_VST3.cpp; path = ../../JuceLibraryCode/include_juce_audio_plugin_client_VST3.cpp; sourceTree = SOURCE_ROOT; };
		D34CCE39C7A249B20DB5455E /* RecentFilesMenuTemplate.nib */ /* RecentFilesMenuTemplate.nib */ = {isa = PBXFileReference; lastKnownFileType = file.nib; name = RecentFilesMenuTemplate.nib; path = RecentFilesMenuTemplate.nib; sourceTree = SOURCE_ROOT; };
		D4D23EDD427407B1BB46ED97 /* include_juce_audio_plugin_client_AU_2.mm */ /* include_juce_audio_plugin_client_AU_2.mm */ = {isa = PBXFileReference; lastKnownFileType = sourcecode.cpp.objcpp; name = include_juce_audio_plugin_client_AU_2.mm; path = ../../JuceLibraryCode/include_juce_audio_plugin_client_AU_2.mm; sourceTree = SOURCE_ROOT; };
		D4D4F2570F479E4F064BD6E7 /* juce_audio_processors */ /* juce_audio_processors */ = {isa = PBXFileReference; lastKnownFileType = folder; name = juce_audio_processors; path = /Users/colemanjenkins/Git_Repos/Plugins/JUCE/modules/juce_audio_processors; sourceTree = "<absolute>"; };
		DF28E17A7D5E10BAA094E778 /* include_juce_audio_utils.mm */ /* include_juce_audio_utils.mm */ = {isa = PBXFileReference; lastKnownFileType = sourcecode.cpp.objcpp; name = include_juce_audio_utils.mm; path = ../../JuceLibraryCode/include_juce_audio_utils.mm; sourceTree = SOURCE_ROOT; };
		E50C1E43314EF6A5EC693185 /* juce_gui_extra */ /* juce_gui_extra */ = {isa = PBXFileReference; lastKnownFileType = folder; name = juce_gui_extra; path = /Users/colemanjenkins/Git_Repos/Plugins/JUCE/modules/juce_gui_extra; sourceTree = "<absolute>"; };
		E626B4939689AD00B86F381F /* juce_audio_utils */ /* juce_audio_utils */ = {isa = PBXFileReference; lastKnownFileType = folder; name = juce_audio_utils; path = /Users/colemanjenkins/Git_Repos/Plugins/JUCE/modules/juce_audio_utils; sourceTree = "<absolute>"; };
		E64274C5B1F62F73237BF0F3 /* AudioUnit.framework */ /* AudioUnit.framework */ = {isa = PBXFileReference; lastKnownFileType = wrapper.framework; name = AudioUnit.framework; path = System/Library/Frameworks/AudioUnit.framework; sourceTree = SDKROOT; };
		EC8F3A71B60AF7AB7819FC26 /* VST3 */ = {isa = PBXFileReference; explicitFileType = wrapper.cfbundle; includeInIndex = 0; path = "ColemanJ-P05-Compressor.vst3"; sourceTree = BUILT_PRODUCTS_DIR; };
		F2A94DF3095524472924C0A6 /* PluginProcessor.h */ /* PluginProcessor.h */ = {isa = PBXFileReference; lastKnownFileType = sourcecode.c.h; name = PluginProcessor.h; path = ../../Source/PluginProcessor.h; sourceTree = SOURCE_ROOT; };
		FB71AE606E85EE879ACA6DBA /* AU */ = {isa = PBXFileReference; explicitFileType = wrapper.cfbundle; includeInIndex = 0; path = "ColemanJ-P05-Compressor.component"; sourceTree = BUILT_PRODUCTS_DIR; };
/* End PBXFileReference section */

/* Begin PBXFrameworksBuildPhase section */
		14FC8B04F666F0024A36A1F1 = {
			isa = PBXFrameworksBuildPhase;
			buildActionMask = 2147483647;
			files = (
				A56B7F1F061C267D54300ADF,
				F36709026D839EA9EF22F830,
				0B5992F1830B8790021BEEA8,
				193B4BFD73FB3E00AB30E54E,
				92E814E15F9BF9893FABB695,
				DC3497BEAAB7574F9DE5C945,
				9538EBF50AE848DA9C01D5BC,
				792E01424EB547AD1A6D47A7,
				007ED8987F10C3C73C791BCF,
				A287CD92AA239F79BE11963D,
				CB19DCB16D02350F1FDDAFD9,
				C9714BB7A14A0C2740BB1C05,
			);
			runOnlyForDeploymentPostprocessing = 0;
		};
		58D9CEA5BF1ACCA9E9D2F104 = {
			isa = PBXFrameworksBuildPhase;
			buildActionMask = 2147483647;
			files = (
				A56B7F1F061C267D54300ADF,
				F36709026D839EA9EF22F830,
				0B5992F1830B8790021BEEA8,
				193B4BFD73FB3E00AB30E54E,
				92E814E15F9BF9893FABB695,
				DC3497BEAAB7574F9DE5C945,
				9538EBF50AE848DA9C01D5BC,
				792E01424EB547AD1A6D47A7,
				007ED8987F10C3C73C791BCF,
				A287CD92AA239F79BE11963D,
				CB19DCB16D02350F1FDDAFD9,
				C9714BB7A14A0C2740BB1C05,
			);
			runOnlyForDeploymentPostprocessing = 0;
		};
		8048CB28536ADB03F5EE936E = {
			isa = PBXFrameworksBuildPhase;
			buildActionMask = 2147483647;
			files = (
				24A44DDD0609E4E6B05BF9CA,
				A56B7F1F061C267D54300ADF,
				F36709026D839EA9EF22F830,
				0B5992F1830B8790021BEEA8,
				193B4BFD73FB3E00AB30E54E,
				92E814E15F9BF9893FABB695,
				DC3497BEAAB7574F9DE5C945,
				9538EBF50AE848DA9C01D5BC,
				792E01424EB547AD1A6D47A7,
				007ED8987F10C3C73C791BCF,
				A287CD92AA239F79BE11963D,
				CB19DCB16D02350F1FDDAFD9,
				C9714BB7A14A0C2740BB1C05,
			);
			runOnlyForDeploymentPostprocessing = 0;
		};
/* End PBXFrameworksBuildPhase section */

/* Begin PBXGroup section */
		093F4D503B15E75EE838FD50 /* JUCE Modules */ = {
			isa = PBXGroup;
			children = (
				17BC87E6801D5C2E6A160A80,
				3F116ECAFD7BA077DB230750,
				BB633422CD9D16F3E9BDB1FE,
				8DACFCBF56EBDA9FF6EA7223,
				D4D4F2570F479E4F064BD6E7,
				E626B4939689AD00B86F381F,
				3406CFF6EC7756D572A79A88,
				0E3ADB279E32B639BDE15896,
				8085A00A25F922544D47E0AD,
				076262AA117BF9BF303FA240,
				3322EF4AEBD5CA90B2FBF883,
				E50C1E43314EF6A5EC693185,
			);
			name = "JUCE Modules";
			sourceTree = "<group>";
		};
		102B0F470CE530B5355AFA92 /* Source */ = {
			isa = PBXGroup;
			children = (
				9F655D1B570FA821BEC4CC12,
				093F4D503B15E75EE838FD50,
				778503D81EA3FA6E75062802,
				B273CDDFE1D967797BABEC49,
				D94393E37D804CB1D95058DE,
				E9CB367D9D8E937B405DD93E,
			);
			name = Source;
			sourceTree = "<group>";
		};
		388F43AE2119E28B86A56EEC /* Source */ = {
			isa = PBXGroup;
			children = (
				3D7C71D6D9BF8DCA3D6FF4CB,
				AA2DE958734F3C5685264CE3,
				F2A94DF3095524472924C0A6,
				9E5CA261B298656026003D9F,
				2C40F60E7358A69D2D0007AF,
			);
			name = Source;
			sourceTree = "<group>";
		};
		778503D81EA3FA6E75062802 /* JUCE Library Code */ = {
			isa = PBXGroup;
			children = (
				A3B0275A025CFC1C2A47209E,
				23458473C65FAE90541E95D6,
				9D8F8BB93D524D51EFB99FD8,
				02EE032411ADD6590E45D9C9,
				A83B0D62746449AA9682FB0A,
				D4D23EDD427407B1BB46ED97,
				58D5E1BAFB23D6B1C80F3AED,
				1944EF283B9A656A2554B3E9,
				C0A0BA0B5E942EF3CADE85CA,
				D34072EB5DCB647C9CE176B9,
				816CBA437506D643EC2C9E08,
				DF28E17A7D5E10BAA094E778,
				092BFDCE37665DB965CDA0E6,
				20EA29AEFD71AC71A7B2E22F,
				2C00DBE93F122027C80B1F43,
				9DC330B7D0283F6BB756CBC9,
				AF05A2C57635906EDA3F8173,
				13C96220F9D353770C8995C5,
				6785E7BBE859178D55D0B415,
				B04439D9555BE4A882E52194,
			);
			name = "JUCE Library Code";
			sourceTree = "<group>";
		};
		9F655D1B570FA821BEC4CC12 /* ColemanJ-P05-Compressor */ = {
			isa = PBXGroup;
			children = (
				388F43AE2119E28B86A56EEC,
			);
			name = "ColemanJ-P05-Compressor";
			sourceTree = "<group>";
		};
		B273CDDFE1D967797BABEC49 /* Resources */ = {
			isa = PBXGroup;
			children = (
				9CD12BF9451940FFDF4319D0,
				2579941116F05A25AE74E09D,
				6B6C070D320776F62BB691B4,
				D34CCE39C7A249B20DB5455E,
			);
			name = Resources;
			sourceTree = "<group>";
		};
		D94393E37D804CB1D95058DE /* Frameworks */ = {
			isa = PBXGroup;
			children = (
				E64274C5B1F62F73237BF0F3,
				93946E237CD48FA695308355,
				6EE75068526F4971D81EF7BB,
				7FA8A7E2A022B81BB39998A0,
				42ABF5DB8E58672CEF69DA8C,
				755B30974718CF0E29625F1B,
				B08E337A54B5D67E339F6F6B,
				4692737B1418CC8C88613D34,
				CFAFB1D56949E68AE037E996,
				82B123B334C6137885DBB7B3,
				D3333309DCFBE1E34B49593E,
				AAC1F6B62D50AEEDCAA4A3D5,
				474CE5B5EBF6805B8A0969A8,
			);
			name = Frameworks;
			sourceTree = "<group>";
		};
		E9CB367D9D8E937B405DD93E /* Products */ = {
			isa = PBXGroup;
			children = (
				EC8F3A71B60AF7AB7819FC26,
				FB71AE606E85EE879ACA6DBA,
				086E392C71FACDB7A1F70EFF,
				730C8B142231CE9E0CB0B7C3,
			);
			name = Products;
			sourceTree = "<group>";
		};
/* End PBXGroup section */

/* Begin PBXNativeTarget section */
		5FC950EA5C25E66B78776195 /* ColemanJ-P05-Compressor - Shared Code */ = {
			isa = PBXNativeTarget;
			buildConfigurationList = C757589C76291495A7FB0D5E;
			buildPhases = (
				832E405ADFA4B88E18A874B0,
			);
			buildRules = (
			);
			dependencies = (
			);
			name = "ColemanJ-P05-Compressor - Shared Code";
			productName = "ColemanJ-P05-Compressor";
			productReference = 730C8B142231CE9E0CB0B7C3;
			productType = "com.apple.product-type.library.static";
		};
		6306B96F905C1767C3BE8E37 /* ColemanJ-P05-Compressor - AU */ = {
			isa = PBXNativeTarget;
			buildConfigurationList = 1AA88612B3AE0A1A94AB39C7;
			buildPhases = (
				1D90D1248E0E684A28DE1C72,
				F6C1E8169F7B0A5A5E39A4D9,
				CAC52C796B84FFF790A449F3,
				8048CB28536ADB03F5EE936E,
			);
			buildRules = (
			);
			dependencies = (
				59C89FA08B2F32BE0A1C8D3D,
			);
			name = "ColemanJ-P05-Compressor - AU";
			productName = "ColemanJ-P05-Compressor";
			productReference = FB71AE606E85EE879ACA6DBA;
			productType = "com.apple.product-type.bundle";
		};
		C9D22958F81CCA2CFB88A30E /* ColemanJ-P05-Compressor - Standalone Plugin */ = {
			isa = PBXNativeTarget;
			buildConfigurationList = 92E8325D7049705E2B651541;
			buildPhases = (
				3F7EC199FF2D64C84E73A67C,
				08FBBA455219758AA384F607,
				58D9CEA5BF1ACCA9E9D2F104,
			);
			buildRules = (
			);
			dependencies = (
				F64E2D61072FB0D4084F2DA2,
			);
			name = "ColemanJ-P05-Compressor - Standalone Plugin";
			productName = "ColemanJ-P05-Compressor";
			productReference = 086E392C71FACDB7A1F70EFF;
			productType = "com.apple.product-type.application";
		};
		FD7FF3EFFDB7AECF0E495DD7 /* ColemanJ-P05-Compressor - VST3 */ = {
			isa = PBXNativeTarget;
			buildConfigurationList = EB9D66E9E65295896C29D0E5;
			buildPhases = (
				F2C55299E5D4A4BE0753E2F1,
				F768713299ADD54B875A629F,
				14FC8B04F666F0024A36A1F1,
			);
			buildRules = (
			);
			dependencies = (
				2A617E9496FC2CC2D22CB062,
			);
			name = "ColemanJ-P05-Compressor - VST3";
			productName = "ColemanJ-P05-Compressor";
			productReference = EC8F3A71B60AF7AB7819FC26;
			productType = "com.apple.product-type.bundle";
		};
/* End PBXNativeTarget section */

/* Begin PBXProject section */
		F9C56FFF6F356AEE7810D87B = {
			isa = PBXProject;
			attributes = {
				LastUpgradeCheck = 1300;
				ORGANIZATIONNAME = "Musi45";
				TargetAttributes = {
					5FC950EA5C25E66B78776195 = {
						SystemCapabilities = {
							com.apple.ApplicationGroups.iOS = {
								enabled = 0;
							};
							com.apple.HardenedRuntime = {
								enabled = 0;
							};
							com.apple.InAppPurchase = {
								enabled = 0;
							};
							com.apple.InterAppAudio = {
								enabled = 0;
							};
							com.apple.Push = {
								enabled = 0;
							};
							com.apple.Sandbox = {
								enabled = 0;
							};
						};
					};
					6306B96F905C1767C3BE8E37 = {
						SystemCapabilities = {
							com.apple.ApplicationGroups.iOS = {
								enabled = 0;
							};
							com.apple.HardenedRuntime = {
								enabled = 0;
							};
							com.apple.InAppPurchase = {
								enabled = 0;
							};
							com.apple.InterAppAudio = {
								enabled = 0;
							};
							com.apple.Push = {
								enabled = 0;
							};
							com.apple.Sandbox = {
								enabled = 0;
							};
						};
					};
					A63DEC39FD3A59A492B35CB0 = {
						SystemCapabilities = {
							com.apple.ApplicationGroups.iOS = {
								enabled = 0;
							};
							com.apple.HardenedRuntime = {
								enabled = 0;
							};
							com.apple.InAppPurchase = {
								enabled = 0;
							};
							com.apple.InterAppAudio = {
								enabled = 0;
							};
							com.apple.Push = {
								enabled = 0;
							};
							com.apple.Sandbox = {
								enabled = 0;
							};
						};
					};
					C9D22958F81CCA2CFB88A30E = {
						SystemCapabilities = {
							com.apple.ApplicationGroups.iOS = {
								enabled = 0;
							};
							com.apple.HardenedRuntime = {
								enabled = 0;
							};
							com.apple.InAppPurchase = {
								enabled = 0;
							};
							com.apple.InterAppAudio = {
								enabled = 0;
							};
							com.apple.Push = {
								enabled = 0;
							};
							com.apple.Sandbox = {
								enabled = 0;
							};
						};
					};
					FD7FF3EFFDB7AECF0E495DD7 = {
						SystemCapabilities = {
							com.apple.ApplicationGroups.iOS = {
								enabled = 0;
							};
							com.apple.HardenedRuntime = {
								enabled = 0;
							};
							com.apple.InAppPurchase = {
								enabled = 0;
							};
							com.apple.InterAppAudio = {
								enabled = 0;
							};
							com.apple.Push = {
								enabled = 0;
							};
							com.apple.Sandbox = {
								enabled = 0;
							};
						};
					};
				};
			};
			buildConfigurationList = 4B9281FDCF014B9C333E0263;
			compatibilityVersion = "Xcode 3.2";
			hasScannedForEncodings = 0;
			knownRegions = (
				en,
				Base,
			);
			mainGroup = 102B0F470CE530B5355AFA92;
			projectDirPath = "";
			projectRoot = "";
			targets = (
				A63DEC39FD3A59A492B35CB0,
				FD7FF3EFFDB7AECF0E495DD7,
				6306B96F905C1767C3BE8E37,
				C9D22958F81CCA2CFB88A30E,
				5FC950EA5C25E66B78776195,
			);
		};
/* End PBXProject section */

/* Begin PBXResourcesBuildPhase section */
		1D90D1248E0E684A28DE1C72 = {
			isa = PBXResourcesBuildPhase;
			buildActionMask = 2147483647;
			files = (
				FC70024E5CBE1562B4BF4CE2,
			);
			runOnlyForDeploymentPostprocessing = 0;
		};
		3F7EC199FF2D64C84E73A67C = {
			isa = PBXResourcesBuildPhase;
			buildActionMask = 2147483647;
			files = (
				FC70024E5CBE1562B4BF4CE2,
			);
			runOnlyForDeploymentPostprocessing = 0;
		};
		F2C55299E5D4A4BE0753E2F1 = {
			isa = PBXResourcesBuildPhase;
			buildActionMask = 2147483647;
			files = (
				FC70024E5CBE1562B4BF4CE2,
			);
			runOnlyForDeploymentPostprocessing = 0;
		};
/* End PBXResourcesBuildPhase section */

/* Begin PBXRezBuildPhase section */
		F6C1E8169F7B0A5A5E39A4D9 = {
			isa = PBXRezBuildPhase;
			buildActionMask = 2147483647;
			files = (
				75423C1613807ACA78DFF8E7,
			);
			runOnlyForDeploymentPostprocessing = 0;
		};
/* End PBXRezBuildPhase section */

/* Begin PBXSourcesBuildPhase section */
		08FBBA455219758AA384F607 = {
			isa = PBXSourcesBuildPhase;
			buildActionMask = 2147483647;
			files = (
				E6B4A6B81EB1A5A7E5A0002A,
			);
			runOnlyForDeploymentPostprocessing = 0;
		};
		832E405ADFA4B88E18A874B0 = {
			isa = PBXSourcesBuildPhase;
			buildActionMask = 2147483647;
			files = (
				F13C1F8403B9D33983AFCA82,
				9987D60DCBE380C276659CA6,
				F33384924EF28F82E39B87F4,
				C64EBDADC34B27EA54A76EC3,
				EF0B8AFBDE5B25F1595BB72D,
				BD8B66C4D54EE50C50EE54C3,
				C1090943CC955D8B7F09C5EE,
				6C4A930FD4EFA14CB1EE54F9,
				B79B3441D03A14CC0FFE5AEB,
				95A06521BD44EF0D39A6ABC2,
				F7786E9755615830E5D8480F,
				7535700DF80A5A97C6E028C8,
				CEB3DB2898BF94A488382FC0,
				BDEBB4D40ED2B0C874E8CE9C,
				3AA5B49D7E992EF00A3E9260,
			);
			runOnlyForDeploymentPostprocessing = 0;
		};
		CAC52C796B84FFF790A449F3 = {
			isa = PBXSourcesBuildPhase;
			buildActionMask = 2147483647;
			files = (
				A521C15597F1446E7CA8EF73,
				7CBF587F90823B364224826F,
			);
			runOnlyForDeploymentPostprocessing = 0;
		};
		F768713299ADD54B875A629F = {
			isa = PBXSourcesBuildPhase;
			buildActionMask = 2147483647;
			files = (
				B0BEC6C4CFDAD32B9E77E775,
			);
			runOnlyForDeploymentPostprocessing = 0;
		};
/* End PBXSourcesBuildPhase section */

/* Begin PBXTargetDependency section */
		2A617E9496FC2CC2D22CB062 = {
			isa = PBXTargetDependency;
			target = 5FC950EA5C25E66B78776195;
		};
		59C89FA08B2F32BE0A1C8D3D = {
			isa = PBXTargetDependency;
			target = 5FC950EA5C25E66B78776195;
		};
		9A094D4B391DABF0C32FD3E5 = {
			isa = PBXTargetDependency;
			target = 5FC950EA5C25E66B78776195;
		};
		A87D4517C5E3CEACD3D9F1CF = {
			isa = PBXTargetDependency;
			target = FD7FF3EFFDB7AECF0E495DD7;
		};
		CA179E321D7D2A5A5EDEDA07 = {
			isa = PBXTargetDependency;
			target = C9D22958F81CCA2CFB88A30E;
		};
		F64E2D61072FB0D4084F2DA2 = {
			isa = PBXTargetDependency;
			target = 5FC950EA5C25E66B78776195;
		};
		FF9443D8C5090828A9E66CA1 = {
			isa = PBXTargetDependency;
			target = 6306B96F905C1767C3BE8E37;
		};
/* End PBXTargetDependency section */

/* Begin XCBuildConfiguration section */
		263FA142832AE652A87CB871 /* Debug */ = {
			isa = XCBuildConfiguration;
			buildSettings = {
				CLANG_CXX_LANGUAGE_STANDARD = "c++14";
				CLANG_CXX_LIBRARY = "libc++";
				CLANG_LINK_OBJC_RUNTIME = NO;
				CODE_SIGN_IDENTITY = "";
				COMBINE_HIDPI_IMAGES = YES;
				CONFIGURATION_BUILD_DIR = "$(PROJECT_DIR)/build/$(CONFIGURATION)";
				COPY_PHASE_STRIP = NO;
				GCC_DYNAMIC_NO_PIC = NO;
				GCC_OPTIMIZATION_LEVEL = 0;
				GCC_PREPROCESSOR_DEFINITIONS = (
					"_DEBUG=1",
					"DEBUG=1",
					"JUCE_DISPLAY_SPLASH_SCREEN=1",
					"JUCE_USE_DARK_SPLASH_SCREEN=1",
					"JUCE_PROJUCER_VERSION=0x60100",
					"JUCE_MODULE_AVAILABLE_juce_audio_basics=1",
					"JUCE_MODULE_AVAILABLE_juce_audio_devices=1",
					"JUCE_MODULE_AVAILABLE_juce_audio_formats=1",
					"JUCE_MODULE_AVAILABLE_juce_audio_plugin_client=1",
					"JUCE_MODULE_AVAILABLE_juce_audio_processors=1",
					"JUCE_MODULE_AVAILABLE_juce_audio_utils=1",
					"JUCE_MODULE_AVAILABLE_juce_core=1",
					"JUCE_MODULE_AVAILABLE_juce_data_structures=1",
					"JUCE_MODULE_AVAILABLE_juce_events=1",
					"JUCE_MODULE_AVAILABLE_juce_graphics=1",
					"JUCE_MODULE_AVAILABLE_juce_gui_basics=1",
					"JUCE_MODULE_AVAILABLE_juce_gui_extra=1",
					"JUCE_GLOBAL_MODULE_SETTINGS_INCLUDED=1",
					"JUCE_VST3_CAN_REPLACE_VST2=0",
					"JUCE_STRICT_REFCOUNTEDPOINTER=1",
					"JucePlugin_Build_VST=0",
					"JucePlugin_Build_VST3=0",
					"JucePlugin_Build_AU=0",
					"JucePlugin_Build_AUv3=0",
					"JucePlugin_Build_RTAS=0",
					"JucePlugin_Build_AAX=0",
					"JucePlugin_Build_Standalone=1",
					"JucePlugin_Build_Unity=0",
					"JucePlugin_Enable_IAA=0",
					"JucePlugin_Name=\\\"ColemanJ-P05-Compressor\\\"",
					"JucePlugin_Desc=\\\"ColemanJ-P05-Compressor\\\"",
					"JucePlugin_Manufacturer=\\\"Musi45\\\"",
					"JucePlugin_ManufacturerWebsite=\\\"\\\"",
					"JucePlugin_ManufacturerEmail=\\\"\\\"",
					"JucePlugin_ManufacturerCode=0x4d753435",
					"JucePlugin_PluginCode=0x55796575",
					"JucePlugin_IsSynth=0",
					"JucePlugin_WantsMidiInput=0",
					"JucePlugin_ProducesMidiOutput=0",
					"JucePlugin_IsMidiEffect=0",
					"JucePlugin_EditorRequiresKeyboardFocus=0",
					"JucePlugin_Version=1.0.0",
					"JucePlugin_VersionCode=0x10000",
					"JucePlugin_VersionString=\\\"1.0.0\\\"",
					"JucePlugin_VSTUniqueID=JucePlugin_PluginCode",
					"JucePlugin_VSTCategory=kPlugCategEffect",
					"JucePlugin_Vst3Category=\\\"Fx\\\"",
					"JucePlugin_AUMainType='aufx'",
					"JucePlugin_AUSubType=JucePlugin_PluginCode",
					"JucePlugin_AUExportPrefix=ColemanJP05CompressorAU",
					"JucePlugin_AUExportPrefixQuoted=\\\"ColemanJP05CompressorAU\\\"",
					"JucePlugin_AUManufacturerCode=JucePlugin_ManufacturerCode",
					"JucePlugin_CFBundleIdentifier=com.Musi45.ColemanJP05Compressor",
					"JucePlugin_RTASCategory=0",
					"JucePlugin_RTASManufacturerCode=JucePlugin_ManufacturerCode",
					"JucePlugin_RTASProductId=JucePlugin_PluginCode",
					"JucePlugin_RTASDisableBypass=0",
					"JucePlugin_RTASDisableMultiMono=0",
					"JucePlugin_AAXIdentifier=com.Musi45.ColemanJP05Compressor",
					"JucePlugin_AAXManufacturerCode=JucePlugin_ManufacturerCode",
					"JucePlugin_AAXProductId=JucePlugin_PluginCode",
					"JucePlugin_AAXCategory=0",
					"JucePlugin_AAXDisableBypass=0",
					"JucePlugin_AAXDisableMultiMono=0",
					"JucePlugin_IAAType=0x61757278",
					"JucePlugin_IAASubType=JucePlugin_PluginCode",
					"JucePlugin_IAAName=\\\"Musi45:\\ ColemanJ-P05-Compressor\\\"",
					"JucePlugin_VSTNumMidiInputs=16",
					"JucePlugin_VSTNumMidiOutputs=16",
					"JUCE_STANDALONE_APPLICATION=JucePlugin_Build_Standalone",
					"JUCER_XCODE_MAC_F6D2F4CF=1",
					"JUCE_APP_VERSION=1.0.0",
					"JUCE_APP_VERSION_HEX=0x10000",
				);
				GCC_VERSION = com.apple.compilers.llvm.clang.1_0;
				HEADER_SEARCH_PATHS = (
					"/Users/colemanjenkins/Git_Repos/Plugins/JUCE/modules/juce_audio_processors/format_types/VST3_SDK",
					"$(SRCROOT)/../../JuceLibraryCode",
					"/Users/colemanjenkins/Git_Repos/Plugins/JUCE/modules",
					"/Users/colemanjenkins/Git_Repos/Plugins/JUCE/modules/juce_audio_plugin_client",
					"$(inherited)",
				);
				INFOPLIST_FILE = Info-Standalone_Plugin.plist;
				INFOPLIST_PREPROCESS = NO;
				MACOSX_DEPLOYMENT_TARGET = 10.11;
				MTL_HEADER_SEARCH_PATHS = "/Users/colemanjenkins/Git_Repos/Plugins/JUCE/modules/juce_audio_processors/format_types/VST3_SDK $(SRCROOT)/../../JuceLibraryCode /Users/colemanjenkins/Git_Repos/Plugins/JUCE/modules /Users/colemanjenkins/Git_Repos/Plugins/JUCE/modules/juce_audio_plugin_client";
				OTHER_LDFLAGS = "-lColemanJ-P05-Compressor";
				PRODUCT_BUNDLE_IDENTIFIER = com.Musi45.ColemanJP05Compressor;
				PRODUCT_NAME = "ColemanJ-P05-Compressor";
				USE_HEADERMAP = NO;
				VALID_ARCHS = "i386 x86_64 arm64 arm64e";
			};
			name = Debug;
		};
		2ACB4FC92A3059E0E0DE6E8A /* Debug */ = {
			isa = XCBuildConfiguration;
			buildSettings = {
				MACOSX_DEPLOYMENT_TARGET = 10.11;
				SDKROOT = macosx;
			};
			name = Debug;
		};
		388A466DE204DCF574509216 /* Debug */ = {
			isa = XCBuildConfiguration;
			buildSettings = {
				CLANG_CXX_LANGUAGE_STANDARD = "c++14";
				CLANG_CXX_LIBRARY = "libc++";
				CLANG_LINK_OBJC_RUNTIME = NO;
				CODE_SIGN_IDENTITY = "";
				COMBINE_HIDPI_IMAGES = YES;
				CONFIGURATION_BUILD_DIR = "$(PROJECT_DIR)/build/$(CONFIGURATION)";
				COPY_PHASE_STRIP = NO;
				GCC_DYNAMIC_NO_PIC = NO;
				GCC_OPTIMIZATION_LEVEL = 0;
				GCC_PREPROCESSOR_DEFINITIONS = (
					"_DEBUG=1",
					"DEBUG=1",
					"JUCE_DISPLAY_SPLASH_SCREEN=1",
					"JUCE_USE_DARK_SPLASH_SCREEN=1",
					"JUCE_PROJUCER_VERSION=0x60100",
					"JUCE_MODULE_AVAILABLE_juce_audio_basics=1",
					"JUCE_MODULE_AVAILABLE_juce_audio_devices=1",
					"JUCE_MODULE_AVAILABLE_juce_audio_formats=1",
					"JUCE_MODULE_AVAILABLE_juce_audio_plugin_client=1",
					"JUCE_MODULE_AVAILABLE_juce_audio_processors=1",
					"JUCE_MODULE_AVAILABLE_juce_audio_utils=1",
					"JUCE_MODULE_AVAILABLE_juce_core=1",
					"JUCE_MODULE_AVAILABLE_juce_data_structures=1",
					"JUCE_MODULE_AVAILABLE_juce_events=1",
					"JUCE_MODULE_AVAILABLE_juce_graphics=1",
					"JUCE_MODULE_AVAILABLE_juce_gui_basics=1",
					"JUCE_MODULE_AVAILABLE_juce_gui_extra=1",
					"JUCE_GLOBAL_MODULE_SETTINGS_INCLUDED=1",
					"JUCE_VST3_CAN_REPLACE_VST2=0",
					"JUCE_STRICT_REFCOUNTEDPOINTER=1",
					"JucePlugin_Build_VST=0",
					"JucePlugin_Build_VST3=1",
					"JucePlugin_Build_AU=1",
					"JucePlugin_Build_AUv3=0",
					"JucePlugin_Build_RTAS=0",
					"JucePlugin_Build_AAX=0",
					"JucePlugin_Build_Standalone=1",
					"JucePlugin_Build_Unity=0",
					"JucePlugin_Enable_IAA=0",
					"JucePlugin_Name=\\\"ColemanJ-P05-Compressor\\\"",
					"JucePlugin_Desc=\\\"ColemanJ-P05-Compressor\\\"",
					"JucePlugin_Manufacturer=\\\"Musi45\\\"",
					"JucePlugin_ManufacturerWebsite=\\\"\\\"",
					"JucePlugin_ManufacturerEmail=\\\"\\\"",
					"JucePlugin_ManufacturerCode=0x4d753435",
					"JucePlugin_PluginCode=0x55796575",
					"JucePlugin_IsSynth=0",
					"JucePlugin_WantsMidiInput=0",
					"JucePlugin_ProducesMidiOutput=0",
					"JucePlugin_IsMidiEffect=0",
					"JucePlugin_EditorRequiresKeyboardFocus=0",
					"JucePlugin_Version=1.0.0",
					"JucePlugin_VersionCode=0x10000",
					"JucePlugin_VersionString=\\\"1.0.0\\\"",
					"JucePlugin_VSTUniqueID=JucePlugin_PluginCode",
					"JucePlugin_VSTCategory=kPlugCategEffect",
					"JucePlugin_Vst3Category=\\\"Fx\\\"",
					"JucePlugin_AUMainType='aufx'",
					"JucePlugin_AUSubType=JucePlugin_PluginCode",
					"JucePlugin_AUExportPrefix=ColemanJP05CompressorAU",
					"JucePlugin_AUExportPrefixQuoted=\\\"ColemanJP05CompressorAU\\\"",
					"JucePlugin_AUManufacturerCode=JucePlugin_ManufacturerCode",
					"JucePlugin_CFBundleIdentifier=com.Musi45.ColemanJP05Compressor",
					"JucePlugin_RTASCategory=0",
					"JucePlugin_RTASManufacturerCode=JucePlugin_ManufacturerCode",
					"JucePlugin_RTASProductId=JucePlugin_PluginCode",
					"JucePlugin_RTASDisableBypass=0",
					"JucePlugin_RTASDisableMultiMono=0",
					"JucePlugin_AAXIdentifier=com.Musi45.ColemanJP05Compressor",
					"JucePlugin_AAXManufacturerCode=JucePlugin_ManufacturerCode",
					"JucePlugin_AAXProductId=JucePlugin_PluginCode",
					"JucePlugin_AAXCategory=0",
					"JucePlugin_AAXDisableBypass=0",
					"JucePlugin_AAXDisableMultiMono=0",
					"JucePlugin_IAAType=0x61757278",
					"JucePlugin_IAASubType=JucePlugin_PluginCode",
					"JucePlugin_IAAName=\\\"Musi45:\\ ColemanJ-P05-Compressor\\\"",
					"JucePlugin_VSTNumMidiInputs=16",
					"JucePlugin_VSTNumMidiOutputs=16",
					"JUCE_STANDALONE_APPLICATION=JucePlugin_Build_Standalone",
					"JUCER_XCODE_MAC_F6D2F4CF=1",
					"JUCE_APP_VERSION=1.0.0",
					"JUCE_APP_VERSION_HEX=0x10000",
					"JUCE_SHARED_CODE=1",
				);
				GCC_VERSION = com.apple.compilers.llvm.clang.1_0;
				HEADER_SEARCH_PATHS = (
					"/Users/colemanjenkins/Git_Repos/Plugins/JUCE/modules/juce_audio_processors/format_types/VST3_SDK",
					"$(SRCROOT)/../../JuceLibraryCode",
					"/Users/colemanjenkins/Git_Repos/Plugins/JUCE/modules",
					"/Users/colemanjenkins/Git_Repos/Plugins/JUCE/modules/juce_audio_plugin_client",
					"$(inherited)",
				);
				INSTALL_PATH = "@executable_path/../Frameworks";
				MACOSX_DEPLOYMENT_TARGET = 10.11;
				MTL_HEADER_SEARCH_PATHS = "/Users/colemanjenkins/Git_Repos/Plugins/JUCE/modules/juce_audio_processors/format_types/VST3_SDK $(SRCROOT)/../../JuceLibraryCode /Users/colemanjenkins/Git_Repos/Plugins/JUCE/modules /Users/colemanjenkins/Git_Repos/Plugins/JUCE/modules/juce_audio_plugin_client";
				PRODUCT_BUNDLE_IDENTIFIER = com.Musi45.ColemanJP05Compressor;
				PRODUCT_NAME = "ColemanJ-P05-Compressor";
				SKIP_INSTALL = YES;
				USE_HEADERMAP = NO;
				VALID_ARCHS = "i386 x86_64 arm64 arm64e";
			};
			name = Debug;
		};
		414935AEB0AD85C9BB952622 /* Release */ = {
			isa = XCBuildConfiguration;
			buildSettings = {
				CLANG_CXX_LANGUAGE_STANDARD = "c++14";
				CLANG_CXX_LIBRARY = "libc++";
				CLANG_LINK_OBJC_RUNTIME = NO;
				CODE_SIGN_IDENTITY = "";
				COMBINE_HIDPI_IMAGES = YES;
				CONFIGURATION_BUILD_DIR = "$(PROJECT_DIR)/build/$(CONFIGURATION)";
				DEAD_CODE_STRIPPING = YES;
				DEPLOYMENT_LOCATION = YES;
				DSTROOT = /;
				GCC_GENERATE_DEBUGGING_SYMBOLS = NO;
				GCC_OPTIMIZATION_LEVEL = 3;
				GCC_PREPROCESSOR_DEFINITIONS = (
					"_NDEBUG=1",
					"NDEBUG=1",
					"JUCE_DISPLAY_SPLASH_SCREEN=1",
					"JUCE_USE_DARK_SPLASH_SCREEN=1",
					"JUCE_PROJUCER_VERSION=0x60100",
					"JUCE_MODULE_AVAILABLE_juce_audio_basics=1",
					"JUCE_MODULE_AVAILABLE_juce_audio_devices=1",
					"JUCE_MODULE_AVAILABLE_juce_audio_formats=1",
					"JUCE_MODULE_AVAILABLE_juce_audio_plugin_client=1",
					"JUCE_MODULE_AVAILABLE_juce_audio_processors=1",
					"JUCE_MODULE_AVAILABLE_juce_audio_utils=1",
					"JUCE_MODULE_AVAILABLE_juce_core=1",
					"JUCE_MODULE_AVAILABLE_juce_data_structures=1",
					"JUCE_MODULE_AVAILABLE_juce_events=1",
					"JUCE_MODULE_AVAILABLE_juce_graphics=1",
					"JUCE_MODULE_AVAILABLE_juce_gui_basics=1",
					"JUCE_MODULE_AVAILABLE_juce_gui_extra=1",
					"JUCE_GLOBAL_MODULE_SETTINGS_INCLUDED=1",
					"JUCE_VST3_CAN_REPLACE_VST2=0",
					"JUCE_STRICT_REFCOUNTEDPOINTER=1",
					"JucePlugin_Build_VST=0",
					"JucePlugin_Build_VST3=0",
					"JucePlugin_Build_AU=1",
					"JucePlugin_Build_AUv3=0",
					"JucePlugin_Build_RTAS=0",
					"JucePlugin_Build_AAX=0",
					"JucePlugin_Build_Standalone=0",
					"JucePlugin_Build_Unity=0",
					"JucePlugin_Enable_IAA=0",
					"JucePlugin_Name=\\\"ColemanJ-P05-Compressor\\\"",
					"JucePlugin_Desc=\\\"ColemanJ-P05-Compressor\\\"",
					"JucePlugin_Manufacturer=\\\"Musi45\\\"",
					"JucePlugin_ManufacturerWebsite=\\\"\\\"",
					"JucePlugin_ManufacturerEmail=\\\"\\\"",
					"JucePlugin_ManufacturerCode=0x4d753435",
					"JucePlugin_PluginCode=0x55796575",
					"JucePlugin_IsSynth=0",
					"JucePlugin_WantsMidiInput=0",
					"JucePlugin_ProducesMidiOutput=0",
					"JucePlugin_IsMidiEffect=0",
					"JucePlugin_EditorRequiresKeyboardFocus=0",
					"JucePlugin_Version=1.0.0",
					"JucePlugin_VersionCode=0x10000",
					"JucePlugin_VersionString=\\\"1.0.0\\\"",
					"JucePlugin_VSTUniqueID=JucePlugin_PluginCode",
					"JucePlugin_VSTCategory=kPlugCategEffect",
					"JucePlugin_Vst3Category=\\\"Fx\\\"",
					"JucePlugin_AUMainType='aufx'",
					"JucePlugin_AUSubType=JucePlugin_PluginCode",
					"JucePlugin_AUExportPrefix=ColemanJP05CompressorAU",
					"JucePlugin_AUExportPrefixQuoted=\\\"ColemanJP05CompressorAU\\\"",
					"JucePlugin_AUManufacturerCode=JucePlugin_ManufacturerCode",
					"JucePlugin_CFBundleIdentifier=com.Musi45.ColemanJP05Compressor",
					"JucePlugin_RTASCategory=0",
					"JucePlugin_RTASManufacturerCode=JucePlugin_ManufacturerCode",
					"JucePlugin_RTASProductId=JucePlugin_PluginCode",
					"JucePlugin_RTASDisableBypass=0",
					"JucePlugin_RTASDisableMultiMono=0",
					"JucePlugin_AAXIdentifier=com.Musi45.ColemanJP05Compressor",
					"JucePlugin_AAXManufacturerCode=JucePlugin_ManufacturerCode",
					"JucePlugin_AAXProductId=JucePlugin_PluginCode",
					"JucePlugin_AAXCategory=0",
					"JucePlugin_AAXDisableBypass=0",
					"JucePlugin_AAXDisableMultiMono=0",
					"JucePlugin_IAAType=0x61757278",
					"JucePlugin_IAASubType=JucePlugin_PluginCode",
					"JucePlugin_IAAName=\\\"Musi45:\\ ColemanJ-P05-Compressor\\\"",
					"JucePlugin_VSTNumMidiInputs=16",
					"JucePlugin_VSTNumMidiOutputs=16",
					"JUCE_STANDALONE_APPLICATION=JucePlugin_Build_Standalone",
					"JUCER_XCODE_MAC_F6D2F4CF=1",
					"JUCE_APP_VERSION=1.0.0",
					"JUCE_APP_VERSION_HEX=0x10000",
				);
				GCC_VERSION = com.apple.compilers.llvm.clang.1_0;
				GENERATE_PKGINFO_FILE = YES;
				HEADER_SEARCH_PATHS = (
					"/Users/colemanjenkins/Git_Repos/Plugins/JUCE/modules/juce_audio_processors/format_types/VST3_SDK",
					"$(SRCROOT)/../../JuceLibraryCode",
					"/Users/colemanjenkins/Git_Repos/Plugins/JUCE/modules",
					"/Users/colemanjenkins/Git_Repos/Plugins/JUCE/modules/juce_audio_plugin_client",
					"$(inherited)",
				);
				INFOPLIST_FILE = Info-AU.plist;
				INFOPLIST_PREPROCESS = NO;
				INSTALL_PATH = "$(HOME)/Library/Audio/Plug-Ins/Components/";
				LIBRARY_STYLE = Bundle;
				LLVM_LTO = YES;
				MACOSX_DEPLOYMENT_TARGET = 10.11;
				MTL_HEADER_SEARCH_PATHS = "/Users/colemanjenkins/Git_Repos/Plugins/JUCE/modules/juce_audio_processors/format_types/VST3_SDK $(SRCROOT)/../../JuceLibraryCode /Users/colemanjenkins/Git_Repos/Plugins/JUCE/modules /Users/colemanjenkins/Git_Repos/Plugins/JUCE/modules/juce_audio_plugin_client";
				OTHER_LDFLAGS = "-bundle -lColemanJ-P05-Compressor";
				OTHER_REZFLAGS = "-d ppc_$ppc -d i386_$i386 -d ppc64_$ppc64 -d x86_64_$x86_64 -d arm64_$arm64 -I /System/Library/Frameworks/CoreServices.framework/Frameworks/CarbonCore.framework/Versions/A/Headers -I \"$(DEVELOPER_DIR)/Extras/CoreAudio/AudioUnits/AUPublic/AUBase\" -I \"$(DEVELOPER_DIR)/Platforms/MacOSX.platform/Developer/SDKs/MacOSX.sdk/System/Library/Frameworks/AudioUnit.framework/Headers\"";
				PRODUCT_BUNDLE_IDENTIFIER = com.Musi45.ColemanJP05Compressor;
				PRODUCT_NAME = "ColemanJ-P05-Compressor";
				USE_HEADERMAP = NO;
				VALID_ARCHS = "i386 x86_64 arm64 arm64e";
				WRAPPER_EXTENSION = component;
			};
			name = Release;
		};
		48E3B5B212C38DC6DCD4F24B /* Debug */ = {
			isa = XCBuildConfiguration;
			buildSettings = {
				CLANG_CXX_LANGUAGE_STANDARD = "c++14";
				CLANG_CXX_LIBRARY = "libc++";
				CLANG_LINK_OBJC_RUNTIME = NO;
				CODE_SIGN_IDENTITY = "";
				COMBINE_HIDPI_IMAGES = YES;
				CONFIGURATION_BUILD_DIR = "$(PROJECT_DIR)/build/$(CONFIGURATION)";
				COPY_PHASE_STRIP = NO;
				DEPLOYMENT_LOCATION = YES;
				DSTROOT = /;
				GCC_DYNAMIC_NO_PIC = NO;
				GCC_OPTIMIZATION_LEVEL = 0;
				GCC_PREPROCESSOR_DEFINITIONS = (
					"_DEBUG=1",
					"DEBUG=1",
					"JUCE_DISPLAY_SPLASH_SCREEN=1",
					"JUCE_USE_DARK_SPLASH_SCREEN=1",
					"JUCE_PROJUCER_VERSION=0x60100",
					"JUCE_MODULE_AVAILABLE_juce_audio_basics=1",
					"JUCE_MODULE_AVAILABLE_juce_audio_devices=1",
					"JUCE_MODULE_AVAILABLE_juce_audio_formats=1",
					"JUCE_MODULE_AVAILABLE_juce_audio_plugin_client=1",
					"JUCE_MODULE_AVAILABLE_juce_audio_processors=1",
					"JUCE_MODULE_AVAILABLE_juce_audio_utils=1",
					"JUCE_MODULE_AVAILABLE_juce_core=1",
					"JUCE_MODULE_AVAILABLE_juce_data_structures=1",
					"JUCE_MODULE_AVAILABLE_juce_events=1",
					"JUCE_MODULE_AVAILABLE_juce_graphics=1",
					"JUCE_MODULE_AVAILABLE_juce_gui_basics=1",
					"JUCE_MODULE_AVAILABLE_juce_gui_extra=1",
					"JUCE_GLOBAL_MODULE_SETTINGS_INCLUDED=1",
					"JUCE_VST3_CAN_REPLACE_VST2=0",
					"JUCE_STRICT_REFCOUNTEDPOINTER=1",
					"JucePlugin_Build_VST=0",
					"JucePlugin_Build_VST3=1",
					"JucePlugin_Build_AU=0",
					"JucePlugin_Build_AUv3=0",
					"JucePlugin_Build_RTAS=0",
					"JucePlugin_Build_AAX=0",
					"JucePlugin_Build_Standalone=0",
					"JucePlugin_Build_Unity=0",
					"JucePlugin_Enable_IAA=0",
					"JucePlugin_Name=\\\"ColemanJ-P05-Compressor\\\"",
					"JucePlugin_Desc=\\\"ColemanJ-P05-Compressor\\\"",
					"JucePlugin_Manufacturer=\\\"Musi45\\\"",
					"JucePlugin_ManufacturerWebsite=\\\"\\\"",
					"JucePlugin_ManufacturerEmail=\\\"\\\"",
					"JucePlugin_ManufacturerCode=0x4d753435",
					"JucePlugin_PluginCode=0x55796575",
					"JucePlugin_IsSynth=0",
					"JucePlugin_WantsMidiInput=0",
					"JucePlugin_ProducesMidiOutput=0",
					"JucePlugin_IsMidiEffect=0",
					"JucePlugin_EditorRequiresKeyboardFocus=0",
					"JucePlugin_Version=1.0.0",
					"JucePlugin_VersionCode=0x10000",
					"JucePlugin_VersionString=\\\"1.0.0\\\"",
					"JucePlugin_VSTUniqueID=JucePlugin_PluginCode",
					"JucePlugin_VSTCategory=kPlugCategEffect",
					"JucePlugin_Vst3Category=\\\"Fx\\\"",
					"JucePlugin_AUMainType='aufx'",
					"JucePlugin_AUSubType=JucePlugin_PluginCode",
					"JucePlugin_AUExportPrefix=ColemanJP05CompressorAU",
					"JucePlugin_AUExportPrefixQuoted=\\\"ColemanJP05CompressorAU\\\"",
					"JucePlugin_AUManufacturerCode=JucePlugin_ManufacturerCode",
					"JucePlugin_CFBundleIdentifier=com.Musi45.ColemanJP05Compressor",
					"JucePlugin_RTASCategory=0",
					"JucePlugin_RTASManufacturerCode=JucePlugin_ManufacturerCode",
					"JucePlugin_RTASProductId=JucePlugin_PluginCode",
					"JucePlugin_RTASDisableBypass=0",
					"JucePlugin_RTASDisableMultiMono=0",
					"JucePlugin_AAXIdentifier=com.Musi45.ColemanJP05Compressor",
					"JucePlugin_AAXManufacturerCode=JucePlugin_ManufacturerCode",
					"JucePlugin_AAXProductId=JucePlugin_PluginCode",
					"JucePlugin_AAXCategory=0",
					"JucePlugin_AAXDisableBypass=0",
					"JucePlugin_AAXDisableMultiMono=0",
					"JucePlugin_IAAType=0x61757278",
					"JucePlugin_IAASubType=JucePlugin_PluginCode",
					"JucePlugin_IAAName=\\\"Musi45:\\ ColemanJ-P05-Compressor\\\"",
					"JucePlugin_VSTNumMidiInputs=16",
					"JucePlugin_VSTNumMidiOutputs=16",
					"JUCE_STANDALONE_APPLICATION=JucePlugin_Build_Standalone",
					"JUCER_XCODE_MAC_F6D2F4CF=1",
					"JUCE_APP_VERSION=1.0.0",
					"JUCE_APP_VERSION_HEX=0x10000",
				);
				GCC_VERSION = com.apple.compilers.llvm.clang.1_0;
				GENERATE_PKGINFO_FILE = YES;
				HEADER_SEARCH_PATHS = (
					"/Users/colemanjenkins/Git_Repos/Plugins/JUCE/modules/juce_audio_processors/format_types/VST3_SDK",
					"$(SRCROOT)/../../JuceLibraryCode",
					"/Users/colemanjenkins/Git_Repos/Plugins/JUCE/modules",
					"/Users/colemanjenkins/Git_Repos/Plugins/JUCE/modules/juce_audio_plugin_client",
					"$(inherited)",
				);
				INFOPLIST_FILE = Info-VST3.plist;
				INFOPLIST_PREPROCESS = NO;
				INSTALL_PATH = "$(HOME)/Library/Audio/Plug-Ins/VST3/";
				LIBRARY_STYLE = Bundle;
				MACOSX_DEPLOYMENT_TARGET = 10.11;
				MTL_HEADER_SEARCH_PATHS = "/Users/colemanjenkins/Git_Repos/Plugins/JUCE/modules/juce_audio_processors/format_types/VST3_SDK $(SRCROOT)/../../JuceLibraryCode /Users/colemanjenkins/Git_Repos/Plugins/JUCE/modules /Users/colemanjenkins/Git_Repos/Plugins/JUCE/modules/juce_audio_plugin_client";
				OTHER_LDFLAGS = "-bundle -lColemanJ-P05-Compressor";
				PRODUCT_BUNDLE_IDENTIFIER = com.Musi45.ColemanJP05Compressor;
				PRODUCT_NAME = "ColemanJ-P05-Compressor";
				USE_HEADERMAP = NO;
				VALID_ARCHS = "i386 x86_64 arm64 arm64e";
				WRAPPER_EXTENSION = vst3;
			};
			name = Debug;
		};
		6171CBCDE0FA2972C65DB6C9 /* Release */ = {
			isa = XCBuildConfiguration;
			buildSettings = {
				MACOSX_DEPLOYMENT_TARGET = 10.11;
				SDKROOT = macosx;
			};
			name = Release;
		};
		867C8D166847E813999F7FCD /* Debug */ = {
			isa = XCBuildConfiguration;
			buildSettings = {
				CLANG_CXX_LANGUAGE_STANDARD = "c++14";
				CLANG_CXX_LIBRARY = "libc++";
				CLANG_LINK_OBJC_RUNTIME = NO;
				CODE_SIGN_IDENTITY = "";
				COMBINE_HIDPI_IMAGES = YES;
				CONFIGURATION_BUILD_DIR = "$(PROJECT_DIR)/build/$(CONFIGURATION)";
				COPY_PHASE_STRIP = NO;
				DEPLOYMENT_LOCATION = YES;
				DSTROOT = /;
				GCC_DYNAMIC_NO_PIC = NO;
				GCC_OPTIMIZATION_LEVEL = 0;
				GCC_PREPROCESSOR_DEFINITIONS = (
					"_DEBUG=1",
					"DEBUG=1",
					"JUCE_DISPLAY_SPLASH_SCREEN=1",
					"JUCE_USE_DARK_SPLASH_SCREEN=1",
					"JUCE_PROJUCER_VERSION=0x60100",
					"JUCE_MODULE_AVAILABLE_juce_audio_basics=1",
					"JUCE_MODULE_AVAILABLE_juce_audio_devices=1",
					"JUCE_MODULE_AVAILABLE_juce_audio_formats=1",
					"JUCE_MODULE_AVAILABLE_juce_audio_plugin_client=1",
					"JUCE_MODULE_AVAILABLE_juce_audio_processors=1",
					"JUCE_MODULE_AVAILABLE_juce_audio_utils=1",
					"JUCE_MODULE_AVAILABLE_juce_core=1",
					"JUCE_MODULE_AVAILABLE_juce_data_structures=1",
					"JUCE_MODULE_AVAILABLE_juce_events=1",
					"JUCE_MODULE_AVAILABLE_juce_graphics=1",
					"JUCE_MODULE_AVAILABLE_juce_gui_basics=1",
					"JUCE_MODULE_AVAILABLE_juce_gui_extra=1",
					"JUCE_GLOBAL_MODULE_SETTINGS_INCLUDED=1",
					"JUCE_VST3_CAN_REPLACE_VST2=0",
					"JUCE_STRICT_REFCOUNTEDPOINTER=1",
					"JucePlugin_Build_VST=0",
					"JucePlugin_Build_VST3=0",
					"JucePlugin_Build_AU=1",
					"JucePlugin_Build_AUv3=0",
					"JucePlugin_Build_RTAS=0",
					"JucePlugin_Build_AAX=0",
					"JucePlugin_Build_Standalone=0",
					"JucePlugin_Build_Unity=0",
					"JucePlugin_Enable_IAA=0",
					"JucePlugin_Name=\\\"ColemanJ-P05-Compressor\\\"",
					"JucePlugin_Desc=\\\"ColemanJ-P05-Compressor\\\"",
					"JucePlugin_Manufacturer=\\\"Musi45\\\"",
					"JucePlugin_ManufacturerWebsite=\\\"\\\"",
					"JucePlugin_ManufacturerEmail=\\\"\\\"",
					"JucePlugin_ManufacturerCode=0x4d753435",
					"JucePlugin_PluginCode=0x55796575",
					"JucePlugin_IsSynth=0",
					"JucePlugin_WantsMidiInput=0",
					"JucePlugin_ProducesMidiOutput=0",
					"JucePlugin_IsMidiEffect=0",
					"JucePlugin_EditorRequiresKeyboardFocus=0",
					"JucePlugin_Version=1.0.0",
					"JucePlugin_VersionCode=0x10000",
					"JucePlugin_VersionString=\\\"1.0.0\\\"",
					"JucePlugin_VSTUniqueID=JucePlugin_PluginCode",
					"JucePlugin_VSTCategory=kPlugCategEffect",
					"JucePlugin_Vst3Category=\\\"Fx\\\"",
					"JucePlugin_AUMainType='aufx'",
					"JucePlugin_AUSubType=JucePlugin_PluginCode",
					"JucePlugin_AUExportPrefix=ColemanJP05CompressorAU",
					"JucePlugin_AUExportPrefixQuoted=\\\"ColemanJP05CompressorAU\\\"",
					"JucePlugin_AUManufacturerCode=JucePlugin_ManufacturerCode",
					"JucePlugin_CFBundleIdentifier=com.Musi45.ColemanJP05Compressor",
					"JucePlugin_RTASCategory=0",
					"JucePlugin_RTASManufacturerCode=JucePlugin_ManufacturerCode",
					"JucePlugin_RTASProductId=JucePlugin_PluginCode",
					"JucePlugin_RTASDisableBypass=0",
					"JucePlugin_RTASDisableMultiMono=0",
					"JucePlugin_AAXIdentifier=com.Musi45.ColemanJP05Compressor",
					"JucePlugin_AAXManufacturerCode=JucePlugin_ManufacturerCode",
					"JucePlugin_AAXProductId=JucePlugin_PluginCode",
					"JucePlugin_AAXCategory=0",
					"JucePlugin_AAXDisableBypass=0",
					"JucePlugin_AAXDisableMultiMono=0",
					"JucePlugin_IAAType=0x61757278",
					"JucePlugin_IAASubType=JucePlugin_PluginCode",
					"JucePlugin_IAAName=\\\"Musi45:\\ ColemanJ-P05-Compressor\\\"",
					"JucePlugin_VSTNumMidiInputs=16",
					"JucePlugin_VSTNumMidiOutputs=16",
					"JUCE_STANDALONE_APPLICATION=JucePlugin_Build_Standalone",
					"JUCER_XCODE_MAC_F6D2F4CF=1",
					"JUCE_APP_VERSION=1.0.0",
					"JUCE_APP_VERSION_HEX=0x10000",
				);
				GCC_VERSION = com.apple.compilers.llvm.clang.1_0;
				GENERATE_PKGINFO_FILE = YES;
				HEADER_SEARCH_PATHS = (
					"/Users/colemanjenkins/Git_Repos/Plugins/JUCE/modules/juce_audio_processors/format_types/VST3_SDK",
					"$(SRCROOT)/../../JuceLibraryCode",
					"/Users/colemanjenkins/Git_Repos/Plugins/JUCE/modules",
					"/Users/colemanjenkins/Git_Repos/Plugins/JUCE/modules/juce_audio_plugin_client",
					"$(inherited)",
				);
				INFOPLIST_FILE = Info-AU.plist;
				INFOPLIST_PREPROCESS = NO;
				INSTALL_PATH = "$(HOME)/Library/Audio/Plug-Ins/Components/";
				LIBRARY_STYLE = Bundle;
				MACOSX_DEPLOYMENT_TARGET = 10.11;
				MTL_HEADER_SEARCH_PATHS = "/Users/colemanjenkins/Git_Repos/Plugins/JUCE/modules/juce_audio_processors/format_types/VST3_SDK $(SRCROOT)/../../JuceLibraryCode /Users/colemanjenkins/Git_Repos/Plugins/JUCE/modules /Users/colemanjenkins/Git_Repos/Plugins/JUCE/modules/juce_audio_plugin_client";
				OTHER_LDFLAGS = "-bundle -lColemanJ-P05-Compressor";
				OTHER_REZFLAGS = "-d ppc_$ppc -d i386_$i386 -d ppc64_$ppc64 -d x86_64_$x86_64 -d arm64_$arm64 -I /System/Library/Frameworks/CoreServices.framework/Frameworks/CarbonCore.framework/Versions/A/Headers -I \"$(DEVELOPER_DIR)/Extras/CoreAudio/AudioUnits/AUPublic/AUBase\" -I \"$(DEVELOPER_DIR)/Platforms/MacOSX.platform/Developer/SDKs/MacOSX.sdk/System/Library/Frameworks/AudioUnit.framework/Headers\"";
				PRODUCT_BUNDLE_IDENTIFIER = com.Musi45.ColemanJP05Compressor;
				PRODUCT_NAME = "ColemanJ-P05-Compressor";
				USE_HEADERMAP = NO;
				VALID_ARCHS = "i386 x86_64 arm64 arm64e";
				WRAPPER_EXTENSION = component;
			};
			name = Debug;
		};
		958AED279B87132D35104ABA /* Release */ = {
			isa = XCBuildConfiguration;
			buildSettings = {
				CLANG_CXX_LANGUAGE_STANDARD = "c++14";
				CLANG_CXX_LIBRARY = "libc++";
				CLANG_LINK_OBJC_RUNTIME = NO;
				CODE_SIGN_IDENTITY = "";
				COMBINE_HIDPI_IMAGES = YES;
				CONFIGURATION_BUILD_DIR = "$(PROJECT_DIR)/build/$(CONFIGURATION)";
				DEAD_CODE_STRIPPING = YES;
				GCC_GENERATE_DEBUGGING_SYMBOLS = NO;
				GCC_OPTIMIZATION_LEVEL = 3;
				GCC_PREPROCESSOR_DEFINITIONS = (
					"_NDEBUG=1",
					"NDEBUG=1",
					"JUCE_DISPLAY_SPLASH_SCREEN=1",
					"JUCE_USE_DARK_SPLASH_SCREEN=1",
					"JUCE_PROJUCER_VERSION=0x60100",
					"JUCE_MODULE_AVAILABLE_juce_audio_basics=1",
					"JUCE_MODULE_AVAILABLE_juce_audio_devices=1",
					"JUCE_MODULE_AVAILABLE_juce_audio_formats=1",
					"JUCE_MODULE_AVAILABLE_juce_audio_plugin_client=1",
					"JUCE_MODULE_AVAILABLE_juce_audio_processors=1",
					"JUCE_MODULE_AVAILABLE_juce_audio_utils=1",
					"JUCE_MODULE_AVAILABLE_juce_core=1",
					"JUCE_MODULE_AVAILABLE_juce_data_structures=1",
					"JUCE_MODULE_AVAILABLE_juce_events=1",
					"JUCE_MODULE_AVAILABLE_juce_graphics=1",
					"JUCE_MODULE_AVAILABLE_juce_gui_basics=1",
					"JUCE_MODULE_AVAILABLE_juce_gui_extra=1",
					"JUCE_GLOBAL_MODULE_SETTINGS_INCLUDED=1",
					"JUCE_VST3_CAN_REPLACE_VST2=0",
					"JUCE_STRICT_REFCOUNTEDPOINTER=1",
					"JucePlugin_Build_VST=0",
					"JucePlugin_Build_VST3=0",
					"JucePlugin_Build_AU=0",
					"JucePlugin_Build_AUv3=0",
					"JucePlugin_Build_RTAS=0",
					"JucePlugin_Build_AAX=0",
					"JucePlugin_Build_Standalone=1",
					"JucePlugin_Build_Unity=0",
					"JucePlugin_Enable_IAA=0",
					"JucePlugin_Name=\\\"ColemanJ-P05-Compressor\\\"",
					"JucePlugin_Desc=\\\"ColemanJ-P05-Compressor\\\"",
					"JucePlugin_Manufacturer=\\\"Musi45\\\"",
					"JucePlugin_ManufacturerWebsite=\\\"\\\"",
					"JucePlugin_ManufacturerEmail=\\\"\\\"",
					"JucePlugin_ManufacturerCode=0x4d753435",
					"JucePlugin_PluginCode=0x55796575",
					"JucePlugin_IsSynth=0",
					"JucePlugin_WantsMidiInput=0",
					"JucePlugin_ProducesMidiOutput=0",
					"JucePlugin_IsMidiEffect=0",
					"JucePlugin_EditorRequiresKeyboardFocus=0",
					"JucePlugin_Version=1.0.0",
					"JucePlugin_VersionCode=0x10000",
					"JucePlugin_VersionString=\\\"1.0.0\\\"",
					"JucePlugin_VSTUniqueID=JucePlugin_PluginCode",
					"JucePlugin_VSTCategory=kPlugCategEffect",
					"JucePlugin_Vst3Category=\\\"Fx\\\"",
					"JucePlugin_AUMainType='aufx'",
					"JucePlugin_AUSubType=JucePlugin_PluginCode",
					"JucePlugin_AUExportPrefix=ColemanJP05CompressorAU",
					"JucePlugin_AUExportPrefixQuoted=\\\"ColemanJP05CompressorAU\\\"",
					"JucePlugin_AUManufacturerCode=JucePlugin_ManufacturerCode",
					"JucePlugin_CFBundleIdentifier=com.Musi45.ColemanJP05Compressor",
					"JucePlugin_RTASCategory=0",
					"JucePlugin_RTASManufacturerCode=JucePlugin_ManufacturerCode",
					"JucePlugin_RTASProductId=JucePlugin_PluginCode",
					"JucePlugin_RTASDisableBypass=0",
					"JucePlugin_RTASDisableMultiMono=0",
					"JucePlugin_AAXIdentifier=com.Musi45.ColemanJP05Compressor",
					"JucePlugin_AAXManufacturerCode=JucePlugin_ManufacturerCode",
					"JucePlugin_AAXProductId=JucePlugin_PluginCode",
					"JucePlugin_AAXCategory=0",
					"JucePlugin_AAXDisableBypass=0",
					"JucePlugin_AAXDisableMultiMono=0",
					"JucePlugin_IAAType=0x61757278",
					"JucePlugin_IAASubType=JucePlugin_PluginCode",
					"JucePlugin_IAAName=\\\"Musi45:\\ ColemanJ-P05-Compressor\\\"",
					"JucePlugin_VSTNumMidiInputs=16",
					"JucePlugin_VSTNumMidiOutputs=16",
					"JUCE_STANDALONE_APPLICATION=JucePlugin_Build_Standalone",
					"JUCER_XCODE_MAC_F6D2F4CF=1",
					"JUCE_APP_VERSION=1.0.0",
					"JUCE_APP_VERSION_HEX=0x10000",
				);
				GCC_VERSION = com.apple.compilers.llvm.clang.1_0;
				HEADER_SEARCH_PATHS = (
					"/Users/colemanjenkins/Git_Repos/Plugins/JUCE/modules/juce_audio_processors/format_types/VST3_SDK",
					"$(SRCROOT)/../../JuceLibraryCode",
					"/Users/colemanjenkins/Git_Repos/Plugins/JUCE/modules",
					"/Users/colemanjenkins/Git_Repos/Plugins/JUCE/modules/juce_audio_plugin_client",
					"$(inherited)",
				);
				INFOPLIST_FILE = Info-Standalone_Plugin.plist;
				INFOPLIST_PREPROCESS = NO;
				LLVM_LTO = YES;
				MACOSX_DEPLOYMENT_TARGET = 10.11;
				MTL_HEADER_SEARCH_PATHS = "/Users/colemanjenkins/Git_Repos/Plugins/JUCE/modules/juce_audio_processors/format_types/VST3_SDK $(SRCROOT)/../../JuceLibraryCode /Users/colemanjenkins/Git_Repos/Plugins/JUCE/modules /Users/colemanjenkins/Git_Repos/Plugins/JUCE/modules/juce_audio_plugin_client";
				OTHER_LDFLAGS = "-lColemanJ-P05-Compressor";
				PRODUCT_BUNDLE_IDENTIFIER = com.Musi45.ColemanJP05Compressor;
				PRODUCT_NAME = "ColemanJ-P05-Compressor";
				USE_HEADERMAP = NO;
				VALID_ARCHS = "i386 x86_64 arm64 arm64e";
			};
			name = Release;
		};
		A195E4D60CC48F77BE3DFDDD /* Release */ = {
			isa = XCBuildConfiguration;
			buildSettings = {
				ALWAYS_SEARCH_USER_PATHS = NO;
				CLANG_ENABLE_OBJC_WEAK = YES;
				CLANG_WARN_BLOCK_CAPTURE_AUTORELEASING = YES;
				CLANG_WARN_BOOL_CONVERSION = YES;
				CLANG_WARN_COMMA = YES;
				CLANG_WARN_CONSTANT_CONVERSION = YES;
				CLANG_WARN_DEPRECATED_OBJC_IMPLEMENTATIONS = YES;
				CLANG_WARN_EMPTY_BODY = YES;
				CLANG_WARN_ENUM_CONVERSION = YES;
				CLANG_WARN_INFINITE_RECURSION = YES;
				CLANG_WARN_INT_CONVERSION = YES;
				CLANG_WARN_NON_LITERAL_NULL_CONVERSION = YES;
				CLANG_WARN_OBJC_IMPLICIT_RETAIN_SELF = YES;
				CLANG_WARN_OBJC_LITERAL_CONVERSION = YES;
				CLANG_WARN_RANGE_LOOP_ANALYSIS = YES;
				CLANG_WARN_STRICT_PROTOTYPES = YES;
				CLANG_WARN_SUSPICIOUS_MOVE = YES;
				CLANG_WARN_UNREACHABLE_CODE = YES;
				CLANG_WARN__DUPLICATE_METHOD_MATCH = YES;
				CODE_SIGN_IDENTITY = "";
				DEBUG_INFORMATION_FORMAT = dwarf;
				ENABLE_STRICT_OBJC_MSGSEND = YES;
				ENABLE_TESTABILITY = NO;
				GCC_C_LANGUAGE_STANDARD = c11;
				GCC_INLINES_ARE_PRIVATE_EXTERN = YES;
				GCC_MODEL_TUNING = G5;
				GCC_NO_COMMON_BLOCKS = YES;
				GCC_SYMBOLS_PRIVATE_EXTERN = YES;
				GCC_WARN_64_TO_32_BIT_CONVERSION = YES;
				GCC_WARN_ABOUT_RETURN_TYPE = YES;
				GCC_WARN_CHECK_SWITCH_STATEMENTS = YES;
				GCC_WARN_MISSING_PARENTHESES = YES;
				GCC_WARN_NON_VIRTUAL_DESTRUCTOR = YES;
				GCC_WARN_TYPECHECK_CALLS_TO_PRINTF = YES;
				GCC_WARN_UNDECLARED_SELECTOR = YES;
				GCC_WARN_UNINITIALIZED_AUTOS = YES;
				GCC_WARN_UNUSED_FUNCTION = YES;
				GCC_WARN_UNUSED_VARIABLE = YES;
				PRODUCT_NAME = "ColemanJ-P05-Compressor";
				SDKROOT = macosx;
				WARNING_CFLAGS = "-Wreorder";
				ZERO_LINK = NO;
			};
			name = Release;
		};
		BE8DD1876D4E93D995F9955C /* Release */ = {
			isa = XCBuildConfiguration;
			buildSettings = {
				CLANG_CXX_LANGUAGE_STANDARD = "c++14";
				CLANG_CXX_LIBRARY = "libc++";
				CLANG_LINK_OBJC_RUNTIME = NO;
				CODE_SIGN_IDENTITY = "";
				COMBINE_HIDPI_IMAGES = YES;
				CONFIGURATION_BUILD_DIR = "$(PROJECT_DIR)/build/$(CONFIGURATION)";
				DEAD_CODE_STRIPPING = YES;
				GCC_GENERATE_DEBUGGING_SYMBOLS = NO;
				GCC_OPTIMIZATION_LEVEL = 3;
				GCC_PREPROCESSOR_DEFINITIONS = (
					"_NDEBUG=1",
					"NDEBUG=1",
					"JUCE_DISPLAY_SPLASH_SCREEN=1",
					"JUCE_USE_DARK_SPLASH_SCREEN=1",
					"JUCE_PROJUCER_VERSION=0x60100",
					"JUCE_MODULE_AVAILABLE_juce_audio_basics=1",
					"JUCE_MODULE_AVAILABLE_juce_audio_devices=1",
					"JUCE_MODULE_AVAILABLE_juce_audio_formats=1",
					"JUCE_MODULE_AVAILABLE_juce_audio_plugin_client=1",
					"JUCE_MODULE_AVAILABLE_juce_audio_processors=1",
					"JUCE_MODULE_AVAILABLE_juce_audio_utils=1",
					"JUCE_MODULE_AVAILABLE_juce_core=1",
					"JUCE_MODULE_AVAILABLE_juce_data_structures=1",
					"JUCE_MODULE_AVAILABLE_juce_events=1",
					"JUCE_MODULE_AVAILABLE_juce_graphics=1",
					"JUCE_MODULE_AVAILABLE_juce_gui_basics=1",
					"JUCE_MODULE_AVAILABLE_juce_gui_extra=1",
					"JUCE_GLOBAL_MODULE_SETTINGS_INCLUDED=1",
					"JUCE_VST3_CAN_REPLACE_VST2=0",
					"JUCE_STRICT_REFCOUNTEDPOINTER=1",
					"JucePlugin_Build_VST=0",
					"JucePlugin_Build_VST3=1",
					"JucePlugin_Build_AU=1",
					"JucePlugin_Build_AUv3=0",
					"JucePlugin_Build_RTAS=0",
					"JucePlugin_Build_AAX=0",
					"JucePlugin_Build_Standalone=1",
					"JucePlugin_Build_Unity=0",
					"JucePlugin_Enable_IAA=0",
					"JucePlugin_Name=\\\"ColemanJ-P05-Compressor\\\"",
					"JucePlugin_Desc=\\\"ColemanJ-P05-Compressor\\\"",
					"JucePlugin_Manufacturer=\\\"Musi45\\\"",
					"JucePlugin_ManufacturerWebsite=\\\"\\\"",
					"JucePlugin_ManufacturerEmail=\\\"\\\"",
					"JucePlugin_ManufacturerCode=0x4d753435",
					"JucePlugin_PluginCode=0x55796575",
					"JucePlugin_IsSynth=0",
					"JucePlugin_WantsMidiInput=0",
					"JucePlugin_ProducesMidiOutput=0",
					"JucePlugin_IsMidiEffect=0",
					"JucePlugin_EditorRequiresKeyboardFocus=0",
					"JucePlugin_Version=1.0.0",
					"JucePlugin_VersionCode=0x10000",
					"JucePlugin_VersionString=\\\"1.0.0\\\"",
					"JucePlugin_VSTUniqueID=JucePlugin_PluginCode",
					"JucePlugin_VSTCategory=kPlugCategEffect",
					"JucePlugin_Vst3Category=\\\"Fx\\\"",
					"JucePlugin_AUMainType='aufx'",
					"JucePlugin_AUSubType=JucePlugin_PluginCode",
					"JucePlugin_AUExportPrefix=ColemanJP05CompressorAU",
					"JucePlugin_AUExportPrefixQuoted=\\\"ColemanJP05CompressorAU\\\"",
					"JucePlugin_AUManufacturerCode=JucePlugin_ManufacturerCode",
					"JucePlugin_CFBundleIdentifier=com.Musi45.ColemanJP05Compressor",
					"JucePlugin_RTASCategory=0",
					"JucePlugin_RTASManufacturerCode=JucePlugin_ManufacturerCode",
					"JucePlugin_RTASProductId=JucePlugin_PluginCode",
					"JucePlugin_RTASDisableBypass=0",
					"JucePlugin_RTASDisableMultiMono=0",
					"JucePlugin_AAXIdentifier=com.Musi45.ColemanJP05Compressor",
					"JucePlugin_AAXManufacturerCode=JucePlugin_ManufacturerCode",
					"JucePlugin_AAXProductId=JucePlugin_PluginCode",
					"JucePlugin_AAXCategory=0",
					"JucePlugin_AAXDisableBypass=0",
					"JucePlugin_AAXDisableMultiMono=0",
					"JucePlugin_IAAType=0x61757278",
					"JucePlugin_IAASubType=JucePlugin_PluginCode",
					"JucePlugin_IAAName=\\\"Musi45:\\ ColemanJ-P05-Compressor\\\"",
					"JucePlugin_VSTNumMidiInputs=16",
					"JucePlugin_VSTNumMidiOutputs=16",
					"JUCE_STANDALONE_APPLICATION=JucePlugin_Build_Standalone",
					"JUCER_XCODE_MAC_F6D2F4CF=1",
					"JUCE_APP_VERSION=1.0.0",
					"JUCE_APP_VERSION_HEX=0x10000",
					"JUCE_SHARED_CODE=1",
				);
				GCC_VERSION = com.apple.compilers.llvm.clang.1_0;
				HEADER_SEARCH_PATHS = (
					"/Users/colemanjenkins/Git_Repos/Plugins/JUCE/modules/juce_audio_processors/format_types/VST3_SDK",
					"$(SRCROOT)/../../JuceLibraryCode",
					"/Users/colemanjenkins/Git_Repos/Plugins/JUCE/modules",
					"/Users/colemanjenkins/Git_Repos/Plugins/JUCE/modules/juce_audio_plugin_client",
					"$(inherited)",
				);
				INSTALL_PATH = "@executable_path/../Frameworks";
				LLVM_LTO = YES;
				MACOSX_DEPLOYMENT_TARGET = 10.11;
				MTL_HEADER_SEARCH_PATHS = "/Users/colemanjenkins/Git_Repos/Plugins/JUCE/modules/juce_audio_processors/format_types/VST3_SDK $(SRCROOT)/../../JuceLibraryCode /Users/colemanjenkins/Git_Repos/Plugins/JUCE/modules /Users/colemanjenkins/Git_Repos/Plugins/JUCE/modules/juce_audio_plugin_client";
				PRODUCT_BUNDLE_IDENTIFIER = com.Musi45.ColemanJP05Compressor;
				PRODUCT_NAME = "ColemanJ-P05-Compressor";
				SKIP_INSTALL = YES;
				USE_HEADERMAP = NO;
				VALID_ARCHS = "i386 x86_64 arm64 arm64e";
			};
			name = Release;
		};
		C2DE262BAEFABAD029228AB2 /* Debug */ = {
			isa = XCBuildConfiguration;
			buildSettings = {
				ALWAYS_SEARCH_USER_PATHS = NO;
				CLANG_ENABLE_OBJC_WEAK = YES;
				CLANG_WARN_BLOCK_CAPTURE_AUTORELEASING = YES;
				CLANG_WARN_BOOL_CONVERSION = YES;
				CLANG_WARN_COMMA = YES;
				CLANG_WARN_CONSTANT_CONVERSION = YES;
				CLANG_WARN_DEPRECATED_OBJC_IMPLEMENTATIONS = YES;
				CLANG_WARN_EMPTY_BODY = YES;
				CLANG_WARN_ENUM_CONVERSION = YES;
				CLANG_WARN_INFINITE_RECURSION = YES;
				CLANG_WARN_INT_CONVERSION = YES;
				CLANG_WARN_NON_LITERAL_NULL_CONVERSION = YES;
				CLANG_WARN_OBJC_IMPLICIT_RETAIN_SELF = YES;
				CLANG_WARN_OBJC_LITERAL_CONVERSION = YES;
				CLANG_WARN_RANGE_LOOP_ANALYSIS = YES;
				CLANG_WARN_STRICT_PROTOTYPES = YES;
				CLANG_WARN_SUSPICIOUS_MOVE = YES;
				CLANG_WARN_UNREACHABLE_CODE = YES;
				CLANG_WARN__DUPLICATE_METHOD_MATCH = YES;
				CODE_SIGN_IDENTITY = "";
				DEBUG_INFORMATION_FORMAT = dwarf;
				ENABLE_STRICT_OBJC_MSGSEND = YES;
				ENABLE_TESTABILITY = NO;
				GCC_C_LANGUAGE_STANDARD = c11;
				GCC_INLINES_ARE_PRIVATE_EXTERN = YES;
				GCC_MODEL_TUNING = G5;
				GCC_NO_COMMON_BLOCKS = YES;
				GCC_SYMBOLS_PRIVATE_EXTERN = YES;
				GCC_WARN_64_TO_32_BIT_CONVERSION = YES;
				GCC_WARN_ABOUT_RETURN_TYPE = YES;
				GCC_WARN_CHECK_SWITCH_STATEMENTS = YES;
				GCC_WARN_MISSING_PARENTHESES = YES;
				GCC_WARN_NON_VIRTUAL_DESTRUCTOR = YES;
				GCC_WARN_TYPECHECK_CALLS_TO_PRINTF = YES;
				GCC_WARN_UNDECLARED_SELECTOR = YES;
				GCC_WARN_UNINITIALIZED_AUTOS = YES;
				GCC_WARN_UNUSED_FUNCTION = YES;
				GCC_WARN_UNUSED_VARIABLE = YES;
				ONLY_ACTIVE_ARCH = YES;
				PRODUCT_NAME = "ColemanJ-P05-Compressor";
				SDKROOT = macosx;
				WARNING_CFLAGS = "-Wreorder";
				ZERO_LINK = NO;
			};
			name = Debug;
		};
		DD0F3431BFF011F0F833A8FC /* Release */ = {
			isa = XCBuildConfiguration;
			buildSettings = {
				CLANG_CXX_LANGUAGE_STANDARD = "c++14";
				CLANG_CXX_LIBRARY = "libc++";
				CLANG_LINK_OBJC_RUNTIME = NO;
				CODE_SIGN_IDENTITY = "";
				COMBINE_HIDPI_IMAGES = YES;
				CONFIGURATION_BUILD_DIR = "$(PROJECT_DIR)/build/$(CONFIGURATION)";
				DEAD_CODE_STRIPPING = YES;
				DEPLOYMENT_LOCATION = YES;
				DSTROOT = /;
				GCC_GENERATE_DEBUGGING_SYMBOLS = NO;
				GCC_OPTIMIZATION_LEVEL = 3;
				GCC_PREPROCESSOR_DEFINITIONS = (
					"_NDEBUG=1",
					"NDEBUG=1",
					"JUCE_DISPLAY_SPLASH_SCREEN=1",
					"JUCE_USE_DARK_SPLASH_SCREEN=1",
					"JUCE_PROJUCER_VERSION=0x60100",
					"JUCE_MODULE_AVAILABLE_juce_audio_basics=1",
					"JUCE_MODULE_AVAILABLE_juce_audio_devices=1",
					"JUCE_MODULE_AVAILABLE_juce_audio_formats=1",
					"JUCE_MODULE_AVAILABLE_juce_audio_plugin_client=1",
					"JUCE_MODULE_AVAILABLE_juce_audio_processors=1",
					"JUCE_MODULE_AVAILABLE_juce_audio_utils=1",
					"JUCE_MODULE_AVAILABLE_juce_core=1",
					"JUCE_MODULE_AVAILABLE_juce_data_structures=1",
					"JUCE_MODULE_AVAILABLE_juce_events=1",
					"JUCE_MODULE_AVAILABLE_juce_graphics=1",
					"JUCE_MODULE_AVAILABLE_juce_gui_basics=1",
					"JUCE_MODULE_AVAILABLE_juce_gui_extra=1",
					"JUCE_GLOBAL_MODULE_SETTINGS_INCLUDED=1",
					"JUCE_VST3_CAN_REPLACE_VST2=0",
					"JUCE_STRICT_REFCOUNTEDPOINTER=1",
					"JucePlugin_Build_VST=0",
					"JucePlugin_Build_VST3=1",
					"JucePlugin_Build_AU=0",
					"JucePlugin_Build_AUv3=0",
					"JucePlugin_Build_RTAS=0",
					"JucePlugin_Build_AAX=0",
					"JucePlugin_Build_Standalone=0",
					"JucePlugin_Build_Unity=0",
					"JucePlugin_Enable_IAA=0",
					"JucePlugin_Name=\\\"ColemanJ-P05-Compressor\\\"",
					"JucePlugin_Desc=\\\"ColemanJ-P05-Compressor\\\"",
					"JucePlugin_Manufacturer=\\\"Musi45\\\"",
					"JucePlugin_ManufacturerWebsite=\\\"\\\"",
					"JucePlugin_ManufacturerEmail=\\\"\\\"",
					"JucePlugin_ManufacturerCode=0x4d753435",
					"JucePlugin_PluginCode=0x55796575",
					"JucePlugin_IsSynth=0",
					"JucePlugin_WantsMidiInput=0",
					"JucePlugin_ProducesMidiOutput=0",
					"JucePlugin_IsMidiEffect=0",
					"JucePlugin_EditorRequiresKeyboardFocus=0",
					"JucePlugin_Version=1.0.0",
					"JucePlugin_VersionCode=0x10000",
					"JucePlugin_VersionString=\\\"1.0.0\\\"",
					"JucePlugin_VSTUniqueID=JucePlugin_PluginCode",
					"JucePlugin_VSTCategory=kPlugCategEffect",
					"JucePlugin_Vst3Category=\\\"Fx\\\"",
					"JucePlugin_AUMainType='aufx'",
					"JucePlugin_AUSubType=JucePlugin_PluginCode",
					"JucePlugin_AUExportPrefix=ColemanJP05CompressorAU",
					"JucePlugin_AUExportPrefixQuoted=\\\"ColemanJP05CompressorAU\\\"",
					"JucePlugin_AUManufacturerCode=JucePlugin_ManufacturerCode",
					"JucePlugin_CFBundleIdentifier=com.Musi45.ColemanJP05Compressor",
					"JucePlugin_RTASCategory=0",
					"JucePlugin_RTASManufacturerCode=JucePlugin_ManufacturerCode",
					"JucePlugin_RTASProductId=JucePlugin_PluginCode",
					"JucePlugin_RTASDisableBypass=0",
					"JucePlugin_RTASDisableMultiMono=0",
					"JucePlugin_AAXIdentifier=com.Musi45.ColemanJP05Compressor",
					"JucePlugin_AAXManufacturerCode=JucePlugin_ManufacturerCode",
					"JucePlugin_AAXProductId=JucePlugin_PluginCode",
					"JucePlugin_AAXCategory=0",
					"JucePlugin_AAXDisableBypass=0",
					"JucePlugin_AAXDisableMultiMono=0",
					"JucePlugin_IAAType=0x61757278",
					"JucePlugin_IAASubType=JucePlugin_PluginCode",
					"JucePlugin_IAAName=\\\"Musi45:\\ ColemanJ-P05-Compressor\\\"",
					"JucePlugin_VSTNumMidiInputs=16",
					"JucePlugin_VSTNumMidiOutputs=16",
					"JUCE_STANDALONE_APPLICATION=JucePlugin_Build_Standalone",
					"JUCER_XCODE_MAC_F6D2F4CF=1",
					"JUCE_APP_VERSION=1.0.0",
					"JUCE_APP_VERSION_HEX=0x10000",
				);
				GCC_VERSION = com.apple.compilers.llvm.clang.1_0;
				GENERATE_PKGINFO_FILE = YES;
				HEADER_SEARCH_PATHS = (
					"/Users/colemanjenkins/Git_Repos/Plugins/JUCE/modules/juce_audio_processors/format_types/VST3_SDK",
					"$(SRCROOT)/../../JuceLibraryCode",
					"/Users/colemanjenkins/Git_Repos/Plugins/JUCE/modules",
					"/Users/colemanjenkins/Git_Repos/Plugins/JUCE/modules/juce_audio_plugin_client",
					"$(inherited)",
				);
				INFOPLIST_FILE = Info-VST3.plist;
				INFOPLIST_PREPROCESS = NO;
				INSTALL_PATH = "$(HOME)/Library/Audio/Plug-Ins/VST3/";
				LIBRARY_STYLE = Bundle;
				LLVM_LTO = YES;
				MACOSX_DEPLOYMENT_TARGET = 10.11;
				MTL_HEADER_SEARCH_PATHS = "/Users/colemanjenkins/Git_Repos/Plugins/JUCE/modules/juce_audio_processors/format_types/VST3_SDK $(SRCROOT)/../../JuceLibraryCode /Users/colemanjenkins/Git_Repos/Plugins/JUCE/modules /Users/colemanjenkins/Git_Repos/Plugins/JUCE/modules/juce_audio_plugin_client";
				OTHER_LDFLAGS = "-bundle -lColemanJ-P05-Compressor";
				PRODUCT_BUNDLE_IDENTIFIER = com.Musi45.ColemanJP05Compressor;
				PRODUCT_NAME = "ColemanJ-P05-Compressor";
				USE_HEADERMAP = NO;
				VALID_ARCHS = "i386 x86_64 arm64 arm64e";
				WRAPPER_EXTENSION = vst3;
			};
			name = Release;
		};
/* End XCBuildConfiguration section */

/* Begin XCConfigurationList section */
		1AA88612B3AE0A1A94AB39C7 = {
			isa = XCConfigurationList;
			buildConfigurations = (
				867C8D166847E813999F7FCD,
				414935AEB0AD85C9BB952622,
			);
			defaultConfigurationIsVisible = 0;
			defaultConfigurationName = Debug;
		};
		2C5F7AFC1F4E89E2E35F34DE = {
			isa = XCConfigurationList;
			buildConfigurations = (
				2ACB4FC92A3059E0E0DE6E8A,
				6171CBCDE0FA2972C65DB6C9,
			);
			defaultConfigurationIsVisible = 0;
			defaultConfigurationName = Debug;
		};
		4B9281FDCF014B9C333E0263 = {
			isa = XCConfigurationList;
			buildConfigurations = (
				A195E4D60CC48F77BE3DFDDD,
				C2DE262BAEFABAD029228AB2,
			);
			defaultConfigurationIsVisible = 0;
			defaultConfigurationName = Debug;
		};
		92E8325D7049705E2B651541 = {
			isa = XCConfigurationList;
			buildConfigurations = (
				263FA142832AE652A87CB871,
				958AED279B87132D35104ABA,
			);
			defaultConfigurationIsVisible = 0;
			defaultConfigurationName = Debug;
		};
		C757589C76291495A7FB0D5E = {
			isa = XCConfigurationList;
			buildConfigurations = (
				388A466DE204DCF574509216,
				BE8DD1876D4E93D995F9955C,
			);
			defaultConfigurationIsVisible = 0;
			defaultConfigurationName = Debug;
		};
		EB9D66E9E65295896C29D0E5 = {
			isa = XCConfigurationList;
			buildConfigurations = (
				48E3B5B212C38DC6DCD4F24B,
				DD0F3431BFF011F0F833A8FC,
			);
			defaultConfigurationIsVisible = 0;
			defaultConfigurationName = Debug;
		};
/* End XCConfigurationList section */
	};
	rootObject = F9C56FFF6F356AEE7810D87B /* Project object */;
}
